// !$*UTF8*$!
{
	archiveVersion = 1;
	classes = {
	};
	objectVersion = 46;
	objects = {

/* Begin PBXBuildFile section */
		AE46DEA6178B73390080CB0A /* AddFriendViewController.m in Sources */ = {isa = PBXBuildFile; fileRef = AE46DEA5178B73390080CB0A /* AddFriendViewController.m */; };
		AE46DEAC178B81A70080CB0A /* AddReminderViewController.m in Sources */ = {isa = PBXBuildFile; fileRef = AE46DEAB178B81A70080CB0A /* AddReminderViewController.m */; };
		AE89177E17AF115E00DD2DC0 /* Requests.m in Sources */ = {isa = PBXBuildFile; fileRef = AE89177D17AF115E00DD2DC0 /* Requests.m */; };
		AEB24DC4178CD4B200C7711D /* FriendsForRemindersViewController.m in Sources */ = {isa = PBXBuildFile; fileRef = AEB24DC3178CD4B200C7711D /* FriendsForRemindersViewController.m */; };
		AED62A2E17A1ED42002055ED /* SocialPosts.m in Sources */ = {isa = PBXBuildFile; fileRef = AED62A2D17A1ED42002055ED /* SocialPosts.m */; };
		AED62A3117A1ED59002055ED /* Comments.m in Sources */ = {isa = PBXBuildFile; fileRef = AED62A3017A1ED59002055ED /* Comments.m */; };
		AED62A3417A1ED65002055ED /* Circles.m in Sources */ = {isa = PBXBuildFile; fileRef = AED62A3317A1ED65002055ED /* Circles.m */; };
		AEF4582917A1F65700AFF8D6 /* SocialPostDetailViewController.m in Sources */ = {isa = PBXBuildFile; fileRef = AEF4582617A1F65700AFF8D6 /* SocialPostDetailViewController.m */; };
		AEF4582A17A1F65700AFF8D6 /* SocialViewController.m in Sources */ = {isa = PBXBuildFile; fileRef = AEF4582817A1F65700AFF8D6 /* SocialViewController.m */; };
		AEF4582D17A1F67E00AFF8D6 /* PickCircleViewController.m in Sources */ = {isa = PBXBuildFile; fileRef = AEF4582C17A1F67E00AFF8D6 /* PickCircleViewController.m */; };
		AEF4583017A1F68D00AFF8D6 /* AddSocialPostViewController.m in Sources */ = {isa = PBXBuildFile; fileRef = AEF4582F17A1F68D00AFF8D6 /* AddSocialPostViewController.m */; };
		AEF4584217A1F6DF00AFF8D6 /* CircleDetailViewController.m in Sources */ = {isa = PBXBuildFile; fileRef = AEF4583317A1F6DF00AFF8D6 /* CircleDetailViewController.m */; };
		AEF4584317A1F6DF00AFF8D6 /* CircleMembersViewController.m in Sources */ = {isa = PBXBuildFile; fileRef = AEF4583517A1F6DF00AFF8D6 /* CircleMembersViewController.m */; };
		AEF4584417A1F6DF00AFF8D6 /* CirclePostsViewController.m in Sources */ = {isa = PBXBuildFile; fileRef = AEF4583717A1F6DF00AFF8D6 /* CirclePostsViewController.m */; };
		AEF4584517A1F6DF00AFF8D6 /* CircleRequestsViewController.m in Sources */ = {isa = PBXBuildFile; fileRef = AEF4583917A1F6DF00AFF8D6 /* CircleRequestsViewController.m */; };
		AEF4584617A1F6DF00AFF8D6 /* CirclesViewController.m in Sources */ = {isa = PBXBuildFile; fileRef = AEF4583B17A1F6DF00AFF8D6 /* CirclesViewController.m */; };
		AEF4584717A1F6DF00AFF8D6 /* CreateCircleViewController.m in Sources */ = {isa = PBXBuildFile; fileRef = AEF4583D17A1F6DF00AFF8D6 /* CreateCircleViewController.m */; };
		AEF4584817A1F6DF00AFF8D6 /* InviteMembersToCircleViewController.m in Sources */ = {isa = PBXBuildFile; fileRef = AEF4583F17A1F6DF00AFF8D6 /* InviteMembersToCircleViewController.m */; };
		AEF4584917A1F6DF00AFF8D6 /* JoinCircleViewController.m in Sources */ = {isa = PBXBuildFile; fileRef = AEF4584117A1F6DF00AFF8D6 /* JoinCircleViewController.m */; };
		DC11C1D717944EA60059FC27 /* Placeholder.png in Resources */ = {isa = PBXBuildFile; fileRef = DC11C1D517944EA60059FC27 /* Placeholder.png */; };
		DC11C1D817944EA60059FC27 /* Placeholder@2x.png in Resources */ = {isa = PBXBuildFile; fileRef = DC11C1D617944EA60059FC27 /* Placeholder@2x.png */; };
		DC11C1E5179474370059FC27 /* buttonAdd-Flat.png in Resources */ = {isa = PBXBuildFile; fileRef = DC11C1E1179474360059FC27 /* buttonAdd-Flat.png */; };
		DC11C1E6179474370059FC27 /* buttonAdd-Flat@2x.png in Resources */ = {isa = PBXBuildFile; fileRef = DC11C1E2179474360059FC27 /* buttonAdd-Flat@2x.png */; };
		DC11C1E7179474370059FC27 /* buttonAdd-Flat-Selected.png in Resources */ = {isa = PBXBuildFile; fileRef = DC11C1E3179474360059FC27 /* buttonAdd-Flat-Selected.png */; };
		DC11C1E8179474370059FC27 /* buttonAdd-Flat@2x-Selected.png in Resources */ = {isa = PBXBuildFile; fileRef = DC11C1E4179474360059FC27 /* buttonAdd-Flat@2x-Selected.png */; };
		DC11C1EB179474D60059FC27 /* user-frame.png in Resources */ = {isa = PBXBuildFile; fileRef = DC11C1E9179474D60059FC27 /* user-frame.png */; };
		DC11C1EC179474D60059FC27 /* user-frame@2x.png in Resources */ = {isa = PBXBuildFile; fileRef = DC11C1EA179474D60059FC27 /* user-frame@2x.png */; };
		DC11C1F0179475290059FC27 /* list-item@2x.png in Resources */ = {isa = PBXBuildFile; fileRef = DC11C1EE179475290059FC27 /* list-item@2x.png */; };
		DC11C1F21794756F0059FC27 /* list-item.png in Resources */ = {isa = PBXBuildFile; fileRef = DC11C1F11794756F0059FC27 /* list-item.png */; };
		DC11C1F5179476B00059FC27 /* tableBackground.png in Resources */ = {isa = PBXBuildFile; fileRef = DC11C1F3179476AF0059FC27 /* tableBackground.png */; };
		DC11C1F6179476B00059FC27 /* tableBackground@2x.png in Resources */ = {isa = PBXBuildFile; fileRef = DC11C1F4179476B00059FC27 /* tableBackground@2x.png */; };
		DC11C1F917947EF90059FC27 /* icon-check.png in Resources */ = {isa = PBXBuildFile; fileRef = DC11C1F717947EF90059FC27 /* icon-check.png */; };
		DC11C1FA17947EF90059FC27 /* icon-check@2x.png in Resources */ = {isa = PBXBuildFile; fileRef = DC11C1F817947EF90059FC27 /* icon-check@2x.png */; };
		DC11C1FD17947F410059FC27 /* sidemenu-item-check.png in Resources */ = {isa = PBXBuildFile; fileRef = DC11C1FB17947F410059FC27 /* sidemenu-item-check.png */; };
		DC11C1FE17947F410059FC27 /* sidemenu-item-check@2x.png in Resources */ = {isa = PBXBuildFile; fileRef = DC11C1FC17947F410059FC27 /* sidemenu-item-check@2x.png */; };
		DC11C209179481270059FC27 /* 20-gear2.png in Resources */ = {isa = PBXBuildFile; fileRef = DC11C1FF179481260059FC27 /* 20-gear2.png */; };
		DC11C20A179481270059FC27 /* 20-gear2@2x.png in Resources */ = {isa = PBXBuildFile; fileRef = DC11C200179481260059FC27 /* 20-gear2@2x.png */; };
		DC11C20B179481270059FC27 /* 58-todo.png in Resources */ = {isa = PBXBuildFile; fileRef = DC11C201179481260059FC27 /* 58-todo.png */; };
		DC11C20C179481270059FC27 /* 58-todo@2x.png in Resources */ = {isa = PBXBuildFile; fileRef = DC11C202179481260059FC27 /* 58-todo@2x.png */; };
		DC11C20D179481270059FC27 /* 112-group.png in Resources */ = {isa = PBXBuildFile; fileRef = DC11C203179481260059FC27 /* 112-group.png */; };
		DC11C20E179481270059FC27 /* 112-group@2x.png in Resources */ = {isa = PBXBuildFile; fileRef = DC11C204179481260059FC27 /* 112-group@2x.png */; };
		DC11C20F179481270059FC27 /* 117-todo.png in Resources */ = {isa = PBXBuildFile; fileRef = DC11C205179481260059FC27 /* 117-todo.png */; };
		DC11C210179481270059FC27 /* 117-todo@2x.png in Resources */ = {isa = PBXBuildFile; fileRef = DC11C206179481270059FC27 /* 117-todo@2x.png */; };
		DC11C211179481270059FC27 /* 123-id-card.png in Resources */ = {isa = PBXBuildFile; fileRef = DC11C207179481270059FC27 /* 123-id-card.png */; };
		DC11C212179481270059FC27 /* 123-id-card@2x.png in Resources */ = {isa = PBXBuildFile; fileRef = DC11C208179481270059FC27 /* 123-id-card@2x.png */; };
		DC2FE9FA17939C1E009EACD0 /* MySentRemindersViewController.m in Sources */ = {isa = PBXBuildFile; fileRef = DC2FE9F317939C1E009EACD0 /* MySentRemindersViewController.m */; };
		DC2FE9FB17939C1E009EACD0 /* ReminderDateViewController.m in Sources */ = {isa = PBXBuildFile; fileRef = DC2FE9F517939C1E009EACD0 /* ReminderDateViewController.m */; };
		DC2FE9FC17939C1E009EACD0 /* ReminderDisclosureViewController.m in Sources */ = {isa = PBXBuildFile; fileRef = DC2FE9F717939C1E009EACD0 /* ReminderDisclosureViewController.m */; };
		DC2FEA001793A1E9009EACD0 /* ReceivedFriendRequestsViewController.m in Sources */ = {isa = PBXBuildFile; fileRef = DC2FE9FF1793A1E9009EACD0 /* ReceivedFriendRequestsViewController.m */; };
		DC38B1F01793195400304619 /* MyLoginViewController.m in Sources */ = {isa = PBXBuildFile; fileRef = DC38B1EF1793195400304619 /* MyLoginViewController.m */; };
		DC38B1F31793196400304619 /* MySignUpViewController.m in Sources */ = {isa = PBXBuildFile; fileRef = DC38B1F21793196400304619 /* MySignUpViewController.m */; };
		DC38B1F61793562400304619 /* firstTimeSettingsViewController.m in Sources */ = {isa = PBXBuildFile; fileRef = DC38B1F51793562400304619 /* firstTimeSettingsViewController.m */; };
		DC4D6C9C1789185D00823DC4 /* PlaneTabViewController.m in Sources */ = {isa = PBXBuildFile; fileRef = DC4D6C9B1789185D00823DC4 /* PlaneTabViewController.m */; };
		DC73AEE817BB4EAB0049AF50 /* UzysSlideMenu.m in Sources */ = {isa = PBXBuildFile; fileRef = DC73AEE217BB4EAB0049AF50 /* UzysSlideMenu.m */; };
		DC73AEE917BB4EAB0049AF50 /* UzysSMMenuItem.m in Sources */ = {isa = PBXBuildFile; fileRef = DC73AEE417BB4EAB0049AF50 /* UzysSMMenuItem.m */; };
		DC73AEEA17BB4EAB0049AF50 /* UzysSMMenuItemView.m in Sources */ = {isa = PBXBuildFile; fileRef = DC73AEE617BB4EAB0049AF50 /* UzysSMMenuItemView.m */; };
		DC73AEEB17BB4EAB0049AF50 /* UzysSMMenuItemView.xib in Resources */ = {isa = PBXBuildFile; fileRef = DC73AEE717BB4EAB0049AF50 /* UzysSMMenuItemView.xib */; };
		DC73AEEF17BB4F500049AF50 /* a0@2x.png in Resources */ = {isa = PBXBuildFile; fileRef = DC73AEEC17BB4F500049AF50 /* a0@2x.png */; };
		DC73AEF017BB4F500049AF50 /* a1@2x.png in Resources */ = {isa = PBXBuildFile; fileRef = DC73AEED17BB4F500049AF50 /* a1@2x.png */; };
		DC73AEF117BB4F500049AF50 /* a2@2x.png in Resources */ = {isa = PBXBuildFile; fileRef = DC73AEEE17BB4F500049AF50 /* a2@2x.png */; };
		DC935CDA178F013800C316A3 /* UserInfo.m in Sources */ = {isa = PBXBuildFile; fileRef = DC935CD9178F013700C316A3 /* UserInfo.m */; };
		DCD415E717959250003F9E55 /* buttonAdd-F.png in Resources */ = {isa = PBXBuildFile; fileRef = DCD415E517959250003F9E55 /* buttonAdd-F.png */; };
		DCD415E817959250003F9E55 /* buttonAdd-F@2x.png in Resources */ = {isa = PBXBuildFile; fileRef = DCD415E617959250003F9E55 /* buttonAdd-F@2x.png */; };
		DCD415EB1795926B003F9E55 /* buttonAdd-FlatUI-Selected.png in Resources */ = {isa = PBXBuildFile; fileRef = DCD415E91795926B003F9E55 /* buttonAdd-FlatUI-Selected.png */; };
		DCD415EC1795926B003F9E55 /* buttonAdd-FlatUI@2x-Selected.png in Resources */ = {isa = PBXBuildFile; fileRef = DCD415EA1795926B003F9E55 /* buttonAdd-FlatUI@2x-Selected.png */; };
		DCD4AE521796E5DD00F6C3FA /* FriendsQueryViewController.m in Sources */ = {isa = PBXBuildFile; fileRef = DCD4AE511796E5DD00F6C3FA /* FriendsQueryViewController.m */; };
		DCD4AE57179AA74100F6C3FA /* SVProgressHUD.bundle in Resources */ = {isa = PBXBuildFile; fileRef = DCD4AE54179AA74100F6C3FA /* SVProgressHUD.bundle */; };
		DCD4AE58179AA74100F6C3FA /* SVProgressHUD.m in Sources */ = {isa = PBXBuildFile; fileRef = DCD4AE56179AA74100F6C3FA /* SVProgressHUD.m */; };
		DCDA42B7179048BA00E14D50 /* FUIAlertView.m in Sources */ = {isa = PBXBuildFile; fileRef = DCDA4294179048BA00E14D50 /* FUIAlertView.m */; };
		DCDA42B8179048BA00E14D50 /* FUIButton.m in Sources */ = {isa = PBXBuildFile; fileRef = DCDA4296179048BA00E14D50 /* FUIButton.m */; };
		DCDA42B9179048BA00E14D50 /* FUICellBackgroundView.m in Sources */ = {isa = PBXBuildFile; fileRef = DCDA4298179048BA00E14D50 /* FUICellBackgroundView.m */; };
		DCDA42BA179048BA00E14D50 /* FUIPopoverBackgroundView.m in Sources */ = {isa = PBXBuildFile; fileRef = DCDA429A179048BA00E14D50 /* FUIPopoverBackgroundView.m */; };
		DCDA42BB179048BA00E14D50 /* FUISegmentedControl.m in Sources */ = {isa = PBXBuildFile; fileRef = DCDA429C179048BA00E14D50 /* FUISegmentedControl.m */; };
		DCDA42BC179048BA00E14D50 /* FUISwitch.m in Sources */ = {isa = PBXBuildFile; fileRef = DCDA429E179048BA00E14D50 /* FUISwitch.m */; };
		DCDA42BD179048BA00E14D50 /* UIBarButtonItem+FlatUI.m in Sources */ = {isa = PBXBuildFile; fileRef = DCDA42A0179048BA00E14D50 /* UIBarButtonItem+FlatUI.m */; };
		DCDA42BE179048BA00E14D50 /* UIColor+FlatUI.m in Sources */ = {isa = PBXBuildFile; fileRef = DCDA42A2179048BA00E14D50 /* UIColor+FlatUI.m */; };
		DCDA42BF179048BA00E14D50 /* UIFont+FlatUI.m in Sources */ = {isa = PBXBuildFile; fileRef = DCDA42A4179048BA00E14D50 /* UIFont+FlatUI.m */; };
		DCDA42C0179048BA00E14D50 /* UIImage+FlatUI.m in Sources */ = {isa = PBXBuildFile; fileRef = DCDA42A6179048BA00E14D50 /* UIImage+FlatUI.m */; };
		DCDA42C1179048BA00E14D50 /* UINavigationBar+FlatUI.m in Sources */ = {isa = PBXBuildFile; fileRef = DCDA42A8179048BA00E14D50 /* UINavigationBar+FlatUI.m */; };
		DCDA42C2179048BA00E14D50 /* UIPopoverController+FlatUI.m in Sources */ = {isa = PBXBuildFile; fileRef = DCDA42AA179048BA00E14D50 /* UIPopoverController+FlatUI.m */; };
		DCDA42C3179048BA00E14D50 /* UIProgressView+FlatUI.m in Sources */ = {isa = PBXBuildFile; fileRef = DCDA42AC179048BA00E14D50 /* UIProgressView+FlatUI.m */; };
		DCDA42C4179048BA00E14D50 /* UISlider+FlatUI.m in Sources */ = {isa = PBXBuildFile; fileRef = DCDA42AE179048BA00E14D50 /* UISlider+FlatUI.m */; };
		DCDA42C5179048BA00E14D50 /* UIStepper+FlatUI.m in Sources */ = {isa = PBXBuildFile; fileRef = DCDA42B0179048BA00E14D50 /* UIStepper+FlatUI.m */; };
		DCDA42C6179048BA00E14D50 /* UITabBar+FlatUI.m in Sources */ = {isa = PBXBuildFile; fileRef = DCDA42B2179048BA00E14D50 /* UITabBar+FlatUI.m */; };
		DCDA42C7179048BA00E14D50 /* UITableViewCell+FlatUI.m in Sources */ = {isa = PBXBuildFile; fileRef = DCDA42B4179048BA00E14D50 /* UITableViewCell+FlatUI.m */; };
		DCDA42C8179048BA00E14D50 /* UIToolbar+FlatUI.m in Sources */ = {isa = PBXBuildFile; fileRef = DCDA42B6179048BA00E14D50 /* UIToolbar+FlatUI.m */; };
		DCDA42CC17904BDC00E14D50 /* Lato-Bold.ttf in Resources */ = {isa = PBXBuildFile; fileRef = DCDA42C917904BDC00E14D50 /* Lato-Bold.ttf */; };
		DCDA42CD17904BDC00E14D50 /* Lato-Regular.ttf in Resources */ = {isa = PBXBuildFile; fileRef = DCDA42CA17904BDC00E14D50 /* Lato-Regular.ttf */; };
		DCDA42CE17904BDC00E14D50 /* Lato-Italic.ttf in Resources */ = {isa = PBXBuildFile; fileRef = DCDA42CB17904BDC00E14D50 /* Lato-Italic.ttf */; };
		DCDA42D017904D5200E14D50 /* CoreText.framework in Frameworks */ = {isa = PBXBuildFile; fileRef = DCDA42CF17904D5100E14D50 /* CoreText.framework */; };
		DCDA42D817904DDE00E14D50 /* Lato-Black.ttf in Resources */ = {isa = PBXBuildFile; fileRef = DCDA42D117904DDD00E14D50 /* Lato-Black.ttf */; };
		DCDA42D917904DDE00E14D50 /* Lato-BlackItalic.ttf in Resources */ = {isa = PBXBuildFile; fileRef = DCDA42D217904DDD00E14D50 /* Lato-BlackItalic.ttf */; };
		DCDA42DA17904DDE00E14D50 /* Lato-BoldItalic.ttf in Resources */ = {isa = PBXBuildFile; fileRef = DCDA42D317904DDD00E14D50 /* Lato-BoldItalic.ttf */; };
		DCDA42DB17904DDE00E14D50 /* Lato-Hairline.ttf in Resources */ = {isa = PBXBuildFile; fileRef = DCDA42D417904DDD00E14D50 /* Lato-Hairline.ttf */; };
		DCDA42DC17904DDE00E14D50 /* Lato-HairlineItalic.ttf in Resources */ = {isa = PBXBuildFile; fileRef = DCDA42D517904DDD00E14D50 /* Lato-HairlineItalic.ttf */; };
		DCDA42DD17904DDE00E14D50 /* Lato-Light.ttf in Resources */ = {isa = PBXBuildFile; fileRef = DCDA42D617904DDD00E14D50 /* Lato-Light.ttf */; };
		DCDA42DE17904DDE00E14D50 /* Lato-LightItalic.ttf in Resources */ = {isa = PBXBuildFile; fileRef = DCDA42D717904DDD00E14D50 /* Lato-LightItalic.ttf */; };
		DCDF265B1789B5F4005168BE /* RemindersViewController.m in Sources */ = {isa = PBXBuildFile; fileRef = DCDF265A1789B5F4005168BE /* RemindersViewController.m */; };
		DCE1FE48178910D60012478B /* UIKit.framework in Frameworks */ = {isa = PBXBuildFile; fileRef = DCE1FE47178910D60012478B /* UIKit.framework */; };
		DCE1FE4A178910D60012478B /* Foundation.framework in Frameworks */ = {isa = PBXBuildFile; fileRef = DCE1FE49178910D60012478B /* Foundation.framework */; };
		DCE1FE4C178910D60012478B /* CoreGraphics.framework in Frameworks */ = {isa = PBXBuildFile; fileRef = DCE1FE4B178910D60012478B /* CoreGraphics.framework */; };
		DCE1FE52178910D60012478B /* InfoPlist.strings in Resources */ = {isa = PBXBuildFile; fileRef = DCE1FE50178910D60012478B /* InfoPlist.strings */; };
		DCE1FE54178910D60012478B /* main.m in Sources */ = {isa = PBXBuildFile; fileRef = DCE1FE53178910D60012478B /* main.m */; };
		DCE1FE58178910D60012478B /* AppDelegate.m in Sources */ = {isa = PBXBuildFile; fileRef = DCE1FE57178910D60012478B /* AppDelegate.m */; };
		DCE1FE5A178910D60012478B /* Default.png in Resources */ = {isa = PBXBuildFile; fileRef = DCE1FE59178910D60012478B /* Default.png */; };
		DCE1FE5C178910D60012478B /* Default@2x.png in Resources */ = {isa = PBXBuildFile; fileRef = DCE1FE5B178910D60012478B /* Default@2x.png */; };
		DCE1FE5E178910D60012478B /* Default-568h@2x.png in Resources */ = {isa = PBXBuildFile; fileRef = DCE1FE5D178910D60012478B /* Default-568h@2x.png */; };
		DCE1FE61178910D60012478B /* MainStoryboard.storyboard in Resources */ = {isa = PBXBuildFile; fileRef = DCE1FE5F178910D60012478B /* MainStoryboard.storyboard */; };
		DCE1FE64178910D60012478B /* FirstViewController.m in Sources */ = {isa = PBXBuildFile; fileRef = DCE1FE63178910D60012478B /* FirstViewController.m */; };
		DCE1FE66178910D60012478B /* first.png in Resources */ = {isa = PBXBuildFile; fileRef = DCE1FE65178910D60012478B /* first.png */; };
		DCE1FE68178910D60012478B /* first@2x.png in Resources */ = {isa = PBXBuildFile; fileRef = DCE1FE67178910D60012478B /* first@2x.png */; };
		DCE1FE76178911C20012478B /* Parse.framework in Frameworks */ = {isa = PBXBuildFile; fileRef = DCE1FE75178911C20012478B /* Parse.framework */; };
		DCE1FE89178912510012478B /* SystemConfiguration.framework in Frameworks */ = {isa = PBXBuildFile; fileRef = DCE1FE87178912400012478B /* SystemConfiguration.framework */; };
		DCE1FE8A178912510012478B /* StoreKit.framework in Frameworks */ = {isa = PBXBuildFile; fileRef = DCE1FE851789123A0012478B /* StoreKit.framework */; };
		DCE1FE8B178912510012478B /* Security.framework in Frameworks */ = {isa = PBXBuildFile; fileRef = DCE1FE83178912340012478B /* Security.framework */; };
		DCE1FE8C178912510012478B /* QuartzCore.framework in Frameworks */ = {isa = PBXBuildFile; fileRef = DCE1FE811789122C0012478B /* QuartzCore.framework */; };
		DCE1FE8D178912510012478B /* MobileCoreServices.framework in Frameworks */ = {isa = PBXBuildFile; fileRef = DCE1FE7F178912270012478B /* MobileCoreServices.framework */; };
		DCE1FE8E178912510012478B /* libz.1.1.3.dylib in Frameworks */ = {isa = PBXBuildFile; fileRef = DCE1FE7D178912200012478B /* libz.1.1.3.dylib */; };
		DCE1FE8F178912510012478B /* CoreLocation.framework in Frameworks */ = {isa = PBXBuildFile; fileRef = DCE1FE7B178912100012478B /* CoreLocation.framework */; };
		DCE1FE90178912510012478B /* CFNetwork.framework in Frameworks */ = {isa = PBXBuildFile; fileRef = DCE1FE79178912020012478B /* CFNetwork.framework */; };
		DCE1FE91178912510012478B /* AudioToolbox.framework in Frameworks */ = {isa = PBXBuildFile; fileRef = DCE1FE77178911FA0012478B /* AudioToolbox.framework */; };
		DCE3B08F17921DD500A73714 /* SettingsViewController.m in Sources */ = {isa = PBXBuildFile; fileRef = DCE3B08E17921DD500A73714 /* SettingsViewController.m */; };
		DCE3B09217921DF700A73714 /* EditSettingsViewController.m in Sources */ = {isa = PBXBuildFile; fileRef = DCE3B09117921DF700A73714 /* EditSettingsViewController.m */; };
		DCECC6C0179DB26D00D084D0 /* ProfileQueryViewController.m in Sources */ = {isa = PBXBuildFile; fileRef = DCECC6BF179DB26D00D084D0 /* ProfileQueryViewController.m */; };
		DCECC6C3179F07E600D084D0 /* ProfileEditViewController.m in Sources */ = {isa = PBXBuildFile; fileRef = DCECC6C2179F07E600D084D0 /* ProfileEditViewController.m */; };
		DCF891E4178A1E9000A89F6E /* tabbarBackground.png in Resources */ = {isa = PBXBuildFile; fileRef = DCF891E0178A1E9000A89F6E /* tabbarBackground.png */; };
		DCF891E5178A1E9000A89F6E /* tabbarBackground@2x.png in Resources */ = {isa = PBXBuildFile; fileRef = DCF891E1178A1E9000A89F6E /* tabbarBackground@2x.png */; };
		DCF891E6178A1E9000A89F6E /* tabBarSelectionIndicator.png in Resources */ = {isa = PBXBuildFile; fileRef = DCF891E2178A1E9000A89F6E /* tabBarSelectionIndicator.png */; };
		DCF891E7178A1E9000A89F6E /* tabBarSelectionIndicator@2x.png in Resources */ = {isa = PBXBuildFile; fileRef = DCF891E3178A1E9000A89F6E /* tabBarSelectionIndicator@2x.png */; };
		DCF891ED178A20EF00A89F6E /* buttonAdd.png in Resources */ = {isa = PBXBuildFile; fileRef = DCF891EB178A20EF00A89F6E /* buttonAdd.png */; };
		DCF891EE178A20EF00A89F6E /* buttonAdd@2x.png in Resources */ = {isa = PBXBuildFile; fileRef = DCF891EC178A20EF00A89F6E /* buttonAdd@2x.png */; };
		DCF891F1178A348E00A89F6E /* FriendsViewController.m in Sources */ = {isa = PBXBuildFile; fileRef = DCF891F0178A348E00A89F6E /* FriendsViewController.m */; };
/* End PBXBuildFile section */

/* Begin PBXFileReference section */
		AE46DEA4178B73390080CB0A /* AddFriendViewController.h */ = {isa = PBXFileReference; fileEncoding = 4; lastKnownFileType = sourcecode.c.h; path = AddFriendViewController.h; sourceTree = "<group>"; };
		AE46DEA5178B73390080CB0A /* AddFriendViewController.m */ = {isa = PBXFileReference; fileEncoding = 4; lastKnownFileType = sourcecode.c.objc; path = AddFriendViewController.m; sourceTree = "<group>"; };
		AE46DEAA178B81A60080CB0A /* AddReminderViewController.h */ = {isa = PBXFileReference; fileEncoding = 4; lastKnownFileType = sourcecode.c.h; path = AddReminderViewController.h; sourceTree = "<group>"; };
		AE46DEAB178B81A70080CB0A /* AddReminderViewController.m */ = {isa = PBXFileReference; fileEncoding = 4; lastKnownFileType = sourcecode.c.objc; path = AddReminderViewController.m; sourceTree = "<group>"; };
		AE89177C17AF115E00DD2DC0 /* Requests.h */ = {isa = PBXFileReference; fileEncoding = 4; lastKnownFileType = sourcecode.c.h; path = Requests.h; sourceTree = "<group>"; };
		AE89177D17AF115E00DD2DC0 /* Requests.m */ = {isa = PBXFileReference; fileEncoding = 4; lastKnownFileType = sourcecode.c.objc; path = Requests.m; sourceTree = "<group>"; };
		AEB24DC2178CD4B200C7711D /* FriendsForRemindersViewController.h */ = {isa = PBXFileReference; fileEncoding = 4; lastKnownFileType = sourcecode.c.h; path = FriendsForRemindersViewController.h; sourceTree = "<group>"; };
		AEB24DC3178CD4B200C7711D /* FriendsForRemindersViewController.m */ = {isa = PBXFileReference; fileEncoding = 4; lastKnownFileType = sourcecode.c.objc; path = FriendsForRemindersViewController.m; sourceTree = "<group>"; };
		AED62A2C17A1ED42002055ED /* SocialPosts.h */ = {isa = PBXFileReference; fileEncoding = 4; lastKnownFileType = sourcecode.c.h; path = SocialPosts.h; sourceTree = "<group>"; };
		AED62A2D17A1ED42002055ED /* SocialPosts.m */ = {isa = PBXFileReference; fileEncoding = 4; lastKnownFileType = sourcecode.c.objc; path = SocialPosts.m; sourceTree = "<group>"; };
		AED62A2F17A1ED59002055ED /* Comments.h */ = {isa = PBXFileReference; fileEncoding = 4; lastKnownFileType = sourcecode.c.h; path = Comments.h; sourceTree = "<group>"; };
		AED62A3017A1ED59002055ED /* Comments.m */ = {isa = PBXFileReference; fileEncoding = 4; lastKnownFileType = sourcecode.c.objc; path = Comments.m; sourceTree = "<group>"; };
		AED62A3217A1ED65002055ED /* Circles.h */ = {isa = PBXFileReference; fileEncoding = 4; lastKnownFileType = sourcecode.c.h; path = Circles.h; sourceTree = "<group>"; };
		AED62A3317A1ED65002055ED /* Circles.m */ = {isa = PBXFileReference; fileEncoding = 4; lastKnownFileType = sourcecode.c.objc; path = Circles.m; sourceTree = "<group>"; };
		AEF4582517A1F65700AFF8D6 /* SocialPostDetailViewController.h */ = {isa = PBXFileReference; fileEncoding = 4; lastKnownFileType = sourcecode.c.h; path = SocialPostDetailViewController.h; sourceTree = "<group>"; };
		AEF4582617A1F65700AFF8D6 /* SocialPostDetailViewController.m */ = {isa = PBXFileReference; fileEncoding = 4; lastKnownFileType = sourcecode.c.objc; path = SocialPostDetailViewController.m; sourceTree = "<group>"; };
		AEF4582717A1F65700AFF8D6 /* SocialViewController.h */ = {isa = PBXFileReference; fileEncoding = 4; lastKnownFileType = sourcecode.c.h; path = SocialViewController.h; sourceTree = "<group>"; };
		AEF4582817A1F65700AFF8D6 /* SocialViewController.m */ = {isa = PBXFileReference; fileEncoding = 4; lastKnownFileType = sourcecode.c.objc; path = SocialViewController.m; sourceTree = "<group>"; };
		AEF4582B17A1F67E00AFF8D6 /* PickCircleViewController.h */ = {isa = PBXFileReference; fileEncoding = 4; lastKnownFileType = sourcecode.c.h; path = PickCircleViewController.h; sourceTree = "<group>"; };
		AEF4582C17A1F67E00AFF8D6 /* PickCircleViewController.m */ = {isa = PBXFileReference; fileEncoding = 4; lastKnownFileType = sourcecode.c.objc; path = PickCircleViewController.m; sourceTree = "<group>"; };
		AEF4582E17A1F68D00AFF8D6 /* AddSocialPostViewController.h */ = {isa = PBXFileReference; fileEncoding = 4; lastKnownFileType = sourcecode.c.h; path = AddSocialPostViewController.h; sourceTree = "<group>"; };
		AEF4582F17A1F68D00AFF8D6 /* AddSocialPostViewController.m */ = {isa = PBXFileReference; fileEncoding = 4; lastKnownFileType = sourcecode.c.objc; path = AddSocialPostViewController.m; sourceTree = "<group>"; };
		AEF4583217A1F6DF00AFF8D6 /* CircleDetailViewController.h */ = {isa = PBXFileReference; fileEncoding = 4; lastKnownFileType = sourcecode.c.h; path = CircleDetailViewController.h; sourceTree = "<group>"; };
		AEF4583317A1F6DF00AFF8D6 /* CircleDetailViewController.m */ = {isa = PBXFileReference; fileEncoding = 4; lastKnownFileType = sourcecode.c.objc; path = CircleDetailViewController.m; sourceTree = "<group>"; };
		AEF4583417A1F6DF00AFF8D6 /* CircleMembersViewController.h */ = {isa = PBXFileReference; fileEncoding = 4; lastKnownFileType = sourcecode.c.h; path = CircleMembersViewController.h; sourceTree = "<group>"; };
		AEF4583517A1F6DF00AFF8D6 /* CircleMembersViewController.m */ = {isa = PBXFileReference; fileEncoding = 4; lastKnownFileType = sourcecode.c.objc; path = CircleMembersViewController.m; sourceTree = "<group>"; };
		AEF4583617A1F6DF00AFF8D6 /* CirclePostsViewController.h */ = {isa = PBXFileReference; fileEncoding = 4; lastKnownFileType = sourcecode.c.h; path = CirclePostsViewController.h; sourceTree = "<group>"; };
		AEF4583717A1F6DF00AFF8D6 /* CirclePostsViewController.m */ = {isa = PBXFileReference; fileEncoding = 4; lastKnownFileType = sourcecode.c.objc; path = CirclePostsViewController.m; sourceTree = "<group>"; };
		AEF4583817A1F6DF00AFF8D6 /* CircleRequestsViewController.h */ = {isa = PBXFileReference; fileEncoding = 4; lastKnownFileType = sourcecode.c.h; path = CircleRequestsViewController.h; sourceTree = "<group>"; };
		AEF4583917A1F6DF00AFF8D6 /* CircleRequestsViewController.m */ = {isa = PBXFileReference; fileEncoding = 4; lastKnownFileType = sourcecode.c.objc; path = CircleRequestsViewController.m; sourceTree = "<group>"; };
		AEF4583A17A1F6DF00AFF8D6 /* CirclesViewController.h */ = {isa = PBXFileReference; fileEncoding = 4; lastKnownFileType = sourcecode.c.h; path = CirclesViewController.h; sourceTree = "<group>"; };
		AEF4583B17A1F6DF00AFF8D6 /* CirclesViewController.m */ = {isa = PBXFileReference; fileEncoding = 4; lastKnownFileType = sourcecode.c.objc; path = CirclesViewController.m; sourceTree = "<group>"; };
		AEF4583C17A1F6DF00AFF8D6 /* CreateCircleViewController.h */ = {isa = PBXFileReference; fileEncoding = 4; lastKnownFileType = sourcecode.c.h; path = CreateCircleViewController.h; sourceTree = "<group>"; };
		AEF4583D17A1F6DF00AFF8D6 /* CreateCircleViewController.m */ = {isa = PBXFileReference; fileEncoding = 4; lastKnownFileType = sourcecode.c.objc; path = CreateCircleViewController.m; sourceTree = "<group>"; };
		AEF4583E17A1F6DF00AFF8D6 /* InviteMembersToCircleViewController.h */ = {isa = PBXFileReference; fileEncoding = 4; lastKnownFileType = sourcecode.c.h; path = InviteMembersToCircleViewController.h; sourceTree = "<group>"; };
		AEF4583F17A1F6DF00AFF8D6 /* InviteMembersToCircleViewController.m */ = {isa = PBXFileReference; fileEncoding = 4; lastKnownFileType = sourcecode.c.objc; path = InviteMembersToCircleViewController.m; sourceTree = "<group>"; };
		AEF4584017A1F6DF00AFF8D6 /* JoinCircleViewController.h */ = {isa = PBXFileReference; fileEncoding = 4; lastKnownFileType = sourcecode.c.h; path = JoinCircleViewController.h; sourceTree = "<group>"; };
		AEF4584117A1F6DF00AFF8D6 /* JoinCircleViewController.m */ = {isa = PBXFileReference; fileEncoding = 4; lastKnownFileType = sourcecode.c.objc; path = JoinCircleViewController.m; sourceTree = "<group>"; };
		DC11C1D517944EA60059FC27 /* Placeholder.png */ = {isa = PBXFileReference; lastKnownFileType = image.png; path = Placeholder.png; sourceTree = "<group>"; };
		DC11C1D617944EA60059FC27 /* Placeholder@2x.png */ = {isa = PBXFileReference; lastKnownFileType = image.png; path = "Placeholder@2x.png"; sourceTree = "<group>"; };
		DC11C1E1179474360059FC27 /* buttonAdd-Flat.png */ = {isa = PBXFileReference; lastKnownFileType = image.png; path = "buttonAdd-Flat.png"; sourceTree = "<group>"; };
		DC11C1E2179474360059FC27 /* buttonAdd-Flat@2x.png */ = {isa = PBXFileReference; lastKnownFileType = image.png; path = "buttonAdd-Flat@2x.png"; sourceTree = "<group>"; };
		DC11C1E3179474360059FC27 /* buttonAdd-Flat-Selected.png */ = {isa = PBXFileReference; lastKnownFileType = image.png; path = "buttonAdd-Flat-Selected.png"; sourceTree = "<group>"; };
		DC11C1E4179474360059FC27 /* buttonAdd-Flat@2x-Selected.png */ = {isa = PBXFileReference; lastKnownFileType = image.png; path = "buttonAdd-Flat@2x-Selected.png"; sourceTree = "<group>"; };
		DC11C1E9179474D60059FC27 /* user-frame.png */ = {isa = PBXFileReference; lastKnownFileType = image.png; path = "user-frame.png"; sourceTree = "<group>"; };
		DC11C1EA179474D60059FC27 /* user-frame@2x.png */ = {isa = PBXFileReference; lastKnownFileType = image.png; path = "user-frame@2x.png"; sourceTree = "<group>"; };
		DC11C1EE179475290059FC27 /* list-item@2x.png */ = {isa = PBXFileReference; lastKnownFileType = image.png; path = "list-item@2x.png"; sourceTree = "<group>"; };
		DC11C1F11794756F0059FC27 /* list-item.png */ = {isa = PBXFileReference; lastKnownFileType = image.png; path = "list-item.png"; sourceTree = "<group>"; };
		DC11C1F3179476AF0059FC27 /* tableBackground.png */ = {isa = PBXFileReference; lastKnownFileType = image.png; path = tableBackground.png; sourceTree = "<group>"; };
		DC11C1F4179476B00059FC27 /* tableBackground@2x.png */ = {isa = PBXFileReference; lastKnownFileType = image.png; path = "tableBackground@2x.png"; sourceTree = "<group>"; };
		DC11C1F717947EF90059FC27 /* icon-check.png */ = {isa = PBXFileReference; lastKnownFileType = image.png; path = "icon-check.png"; sourceTree = "<group>"; };
		DC11C1F817947EF90059FC27 /* icon-check@2x.png */ = {isa = PBXFileReference; lastKnownFileType = image.png; path = "icon-check@2x.png"; sourceTree = "<group>"; };
		DC11C1FB17947F410059FC27 /* sidemenu-item-check.png */ = {isa = PBXFileReference; lastKnownFileType = image.png; path = "sidemenu-item-check.png"; sourceTree = "<group>"; };
		DC11C1FC17947F410059FC27 /* sidemenu-item-check@2x.png */ = {isa = PBXFileReference; lastKnownFileType = image.png; path = "sidemenu-item-check@2x.png"; sourceTree = "<group>"; };
		DC11C1FF179481260059FC27 /* 20-gear2.png */ = {isa = PBXFileReference; lastKnownFileType = image.png; path = "20-gear2.png"; sourceTree = "<group>"; };
		DC11C200179481260059FC27 /* 20-gear2@2x.png */ = {isa = PBXFileReference; lastKnownFileType = image.png; path = "20-gear2@2x.png"; sourceTree = "<group>"; };
		DC11C201179481260059FC27 /* 58-todo.png */ = {isa = PBXFileReference; lastKnownFileType = image.png; path = "58-todo.png"; sourceTree = "<group>"; };
		DC11C202179481260059FC27 /* 58-todo@2x.png */ = {isa = PBXFileReference; lastKnownFileType = image.png; path = "58-todo@2x.png"; sourceTree = "<group>"; };
		DC11C203179481260059FC27 /* 112-group.png */ = {isa = PBXFileReference; lastKnownFileType = image.png; path = "112-group.png"; sourceTree = "<group>"; };
		DC11C204179481260059FC27 /* 112-group@2x.png */ = {isa = PBXFileReference; lastKnownFileType = image.png; path = "112-group@2x.png"; sourceTree = "<group>"; };
		DC11C205179481260059FC27 /* 117-todo.png */ = {isa = PBXFileReference; lastKnownFileType = image.png; path = "117-todo.png"; sourceTree = "<group>"; };
		DC11C206179481270059FC27 /* 117-todo@2x.png */ = {isa = PBXFileReference; lastKnownFileType = image.png; path = "117-todo@2x.png"; sourceTree = "<group>"; };
		DC11C207179481270059FC27 /* 123-id-card.png */ = {isa = PBXFileReference; lastKnownFileType = image.png; path = "123-id-card.png"; sourceTree = "<group>"; };
		DC11C208179481270059FC27 /* 123-id-card@2x.png */ = {isa = PBXFileReference; lastKnownFileType = image.png; path = "123-id-card@2x.png"; sourceTree = "<group>"; };
		DC2FE9F217939C1E009EACD0 /* MySentRemindersViewController.h */ = {isa = PBXFileReference; fileEncoding = 4; lastKnownFileType = sourcecode.c.h; path = MySentRemindersViewController.h; sourceTree = "<group>"; };
		DC2FE9F317939C1E009EACD0 /* MySentRemindersViewController.m */ = {isa = PBXFileReference; fileEncoding = 4; lastKnownFileType = sourcecode.c.objc; path = MySentRemindersViewController.m; sourceTree = "<group>"; };
		DC2FE9F417939C1E009EACD0 /* ReminderDateViewController.h */ = {isa = PBXFileReference; fileEncoding = 4; lastKnownFileType = sourcecode.c.h; path = ReminderDateViewController.h; sourceTree = "<group>"; };
		DC2FE9F517939C1E009EACD0 /* ReminderDateViewController.m */ = {isa = PBXFileReference; fileEncoding = 4; lastKnownFileType = sourcecode.c.objc; path = ReminderDateViewController.m; sourceTree = "<group>"; };
		DC2FE9F617939C1E009EACD0 /* ReminderDisclosureViewController.h */ = {isa = PBXFileReference; fileEncoding = 4; lastKnownFileType = sourcecode.c.h; path = ReminderDisclosureViewController.h; sourceTree = "<group>"; };
		DC2FE9F717939C1E009EACD0 /* ReminderDisclosureViewController.m */ = {isa = PBXFileReference; fileEncoding = 4; lastKnownFileType = sourcecode.c.objc; path = ReminderDisclosureViewController.m; sourceTree = "<group>"; };
		DC2FE9FE1793A1E9009EACD0 /* ReceivedFriendRequestsViewController.h */ = {isa = PBXFileReference; fileEncoding = 4; lastKnownFileType = sourcecode.c.h; path = ReceivedFriendRequestsViewController.h; sourceTree = "<group>"; };
		DC2FE9FF1793A1E9009EACD0 /* ReceivedFriendRequestsViewController.m */ = {isa = PBXFileReference; fileEncoding = 4; lastKnownFileType = sourcecode.c.objc; path = ReceivedFriendRequestsViewController.m; sourceTree = "<group>"; };
		DC38B1EE1793195400304619 /* MyLoginViewController.h */ = {isa = PBXFileReference; fileEncoding = 4; lastKnownFileType = sourcecode.c.h; path = MyLoginViewController.h; sourceTree = "<group>"; };
		DC38B1EF1793195400304619 /* MyLoginViewController.m */ = {isa = PBXFileReference; fileEncoding = 4; lastKnownFileType = sourcecode.c.objc; path = MyLoginViewController.m; sourceTree = "<group>"; };
		DC38B1F11793196400304619 /* MySignUpViewController.h */ = {isa = PBXFileReference; fileEncoding = 4; lastKnownFileType = sourcecode.c.h; path = MySignUpViewController.h; sourceTree = "<group>"; };
		DC38B1F21793196400304619 /* MySignUpViewController.m */ = {isa = PBXFileReference; fileEncoding = 4; lastKnownFileType = sourcecode.c.objc; path = MySignUpViewController.m; sourceTree = "<group>"; };
		DC38B1F41793562400304619 /* firstTimeSettingsViewController.h */ = {isa = PBXFileReference; fileEncoding = 4; lastKnownFileType = sourcecode.c.h; path = firstTimeSettingsViewController.h; sourceTree = "<group>"; };
		DC38B1F51793562400304619 /* firstTimeSettingsViewController.m */ = {isa = PBXFileReference; fileEncoding = 4; lastKnownFileType = sourcecode.c.objc; path = firstTimeSettingsViewController.m; sourceTree = "<group>"; };
		DC4D6C9A1789185D00823DC4 /* PlaneTabViewController.h */ = {isa = PBXFileReference; fileEncoding = 4; lastKnownFileType = sourcecode.c.h; path = PlaneTabViewController.h; sourceTree = "<group>"; };
		DC4D6C9B1789185D00823DC4 /* PlaneTabViewController.m */ = {isa = PBXFileReference; fileEncoding = 4; lastKnownFileType = sourcecode.c.objc; path = PlaneTabViewController.m; sourceTree = "<group>"; };
		DC73AEE017BB4EAB0049AF50 /* ARCHelper.h */ = {isa = PBXFileReference; fileEncoding = 4; lastKnownFileType = sourcecode.c.h; path = ARCHelper.h; sourceTree = "<group>"; };
		DC73AEE117BB4EAB0049AF50 /* UzysSlideMenu.h */ = {isa = PBXFileReference; fileEncoding = 4; lastKnownFileType = sourcecode.c.h; path = UzysSlideMenu.h; sourceTree = "<group>"; };
		DC73AEE217BB4EAB0049AF50 /* UzysSlideMenu.m */ = {isa = PBXFileReference; fileEncoding = 4; lastKnownFileType = sourcecode.c.objc; path = UzysSlideMenu.m; sourceTree = "<group>"; };
		DC73AEE317BB4EAB0049AF50 /* UzysSMMenuItem.h */ = {isa = PBXFileReference; fileEncoding = 4; lastKnownFileType = sourcecode.c.h; path = UzysSMMenuItem.h; sourceTree = "<group>"; };
		DC73AEE417BB4EAB0049AF50 /* UzysSMMenuItem.m */ = {isa = PBXFileReference; fileEncoding = 4; lastKnownFileType = sourcecode.c.objc; path = UzysSMMenuItem.m; sourceTree = "<group>"; };
		DC73AEE517BB4EAB0049AF50 /* UzysSMMenuItemView.h */ = {isa = PBXFileReference; fileEncoding = 4; lastKnownFileType = sourcecode.c.h; path = UzysSMMenuItemView.h; sourceTree = "<group>"; };
		DC73AEE617BB4EAB0049AF50 /* UzysSMMenuItemView.m */ = {isa = PBXFileReference; fileEncoding = 4; lastKnownFileType = sourcecode.c.objc; path = UzysSMMenuItemView.m; sourceTree = "<group>"; };
		DC73AEE717BB4EAB0049AF50 /* UzysSMMenuItemView.xib */ = {isa = PBXFileReference; fileEncoding = 4; lastKnownFileType = file.xib; path = UzysSMMenuItemView.xib; sourceTree = "<group>"; };
		DC73AEEC17BB4F500049AF50 /* a0@2x.png */ = {isa = PBXFileReference; lastKnownFileType = image.png; path = "a0@2x.png"; sourceTree = "<group>"; };
		DC73AEED17BB4F500049AF50 /* a1@2x.png */ = {isa = PBXFileReference; lastKnownFileType = image.png; path = "a1@2x.png"; sourceTree = "<group>"; };
		DC73AEEE17BB4F500049AF50 /* a2@2x.png */ = {isa = PBXFileReference; lastKnownFileType = image.png; path = "a2@2x.png"; sourceTree = "<group>"; };
		DC935CD8178F013700C316A3 /* UserInfo.h */ = {isa = PBXFileReference; fileEncoding = 4; lastKnownFileType = sourcecode.c.h; path = UserInfo.h; sourceTree = "<group>"; };
		DC935CD9178F013700C316A3 /* UserInfo.m */ = {isa = PBXFileReference; fileEncoding = 4; lastKnownFileType = sourcecode.c.objc; path = UserInfo.m; sourceTree = "<group>"; };
		DCD415E517959250003F9E55 /* buttonAdd-F.png */ = {isa = PBXFileReference; lastKnownFileType = image.png; path = "buttonAdd-F.png"; sourceTree = "<group>"; };
		DCD415E617959250003F9E55 /* buttonAdd-F@2x.png */ = {isa = PBXFileReference; lastKnownFileType = image.png; path = "buttonAdd-F@2x.png"; sourceTree = "<group>"; };
		DCD415E91795926B003F9E55 /* buttonAdd-FlatUI-Selected.png */ = {isa = PBXFileReference; lastKnownFileType = image.png; path = "buttonAdd-FlatUI-Selected.png"; sourceTree = "<group>"; };
		DCD415EA1795926B003F9E55 /* buttonAdd-FlatUI@2x-Selected.png */ = {isa = PBXFileReference; lastKnownFileType = image.png; path = "buttonAdd-FlatUI@2x-Selected.png"; sourceTree = "<group>"; };
		DCD4AE501796E5DD00F6C3FA /* FriendsQueryViewController.h */ = {isa = PBXFileReference; fileEncoding = 4; lastKnownFileType = sourcecode.c.h; path = FriendsQueryViewController.h; sourceTree = "<group>"; };
		DCD4AE511796E5DD00F6C3FA /* FriendsQueryViewController.m */ = {isa = PBXFileReference; fileEncoding = 4; lastKnownFileType = sourcecode.c.objc; path = FriendsQueryViewController.m; sourceTree = "<group>"; };
		DCD4AE54179AA74100F6C3FA /* SVProgressHUD.bundle */ = {isa = PBXFileReference; lastKnownFileType = "wrapper.plug-in"; path = SVProgressHUD.bundle; sourceTree = "<group>"; };
		DCD4AE55179AA74100F6C3FA /* SVProgressHUD.h */ = {isa = PBXFileReference; fileEncoding = 4; lastKnownFileType = sourcecode.c.h; path = SVProgressHUD.h; sourceTree = "<group>"; };
		DCD4AE56179AA74100F6C3FA /* SVProgressHUD.m */ = {isa = PBXFileReference; fileEncoding = 4; lastKnownFileType = sourcecode.c.objc; path = SVProgressHUD.m; sourceTree = "<group>"; };
		DCDA4292179048BA00E14D50 /* FlatUIKit.h */ = {isa = PBXFileReference; fileEncoding = 4; lastKnownFileType = sourcecode.c.h; path = FlatUIKit.h; sourceTree = "<group>"; };
		DCDA4293179048BA00E14D50 /* FUIAlertView.h */ = {isa = PBXFileReference; fileEncoding = 4; lastKnownFileType = sourcecode.c.h; path = FUIAlertView.h; sourceTree = "<group>"; };
		DCDA4294179048BA00E14D50 /* FUIAlertView.m */ = {isa = PBXFileReference; fileEncoding = 4; lastKnownFileType = sourcecode.c.objc; path = FUIAlertView.m; sourceTree = "<group>"; };
		DCDA4295179048BA00E14D50 /* FUIButton.h */ = {isa = PBXFileReference; fileEncoding = 4; lastKnownFileType = sourcecode.c.h; path = FUIButton.h; sourceTree = "<group>"; };
		DCDA4296179048BA00E14D50 /* FUIButton.m */ = {isa = PBXFileReference; fileEncoding = 4; lastKnownFileType = sourcecode.c.objc; path = FUIButton.m; sourceTree = "<group>"; };
		DCDA4297179048BA00E14D50 /* FUICellBackgroundView.h */ = {isa = PBXFileReference; fileEncoding = 4; lastKnownFileType = sourcecode.c.h; path = FUICellBackgroundView.h; sourceTree = "<group>"; };
		DCDA4298179048BA00E14D50 /* FUICellBackgroundView.m */ = {isa = PBXFileReference; fileEncoding = 4; lastKnownFileType = sourcecode.c.objc; path = FUICellBackgroundView.m; sourceTree = "<group>"; };
		DCDA4299179048BA00E14D50 /* FUIPopoverBackgroundView.h */ = {isa = PBXFileReference; fileEncoding = 4; lastKnownFileType = sourcecode.c.h; path = FUIPopoverBackgroundView.h; sourceTree = "<group>"; };
		DCDA429A179048BA00E14D50 /* FUIPopoverBackgroundView.m */ = {isa = PBXFileReference; fileEncoding = 4; lastKnownFileType = sourcecode.c.objc; path = FUIPopoverBackgroundView.m; sourceTree = "<group>"; };
		DCDA429B179048BA00E14D50 /* FUISegmentedControl.h */ = {isa = PBXFileReference; fileEncoding = 4; lastKnownFileType = sourcecode.c.h; path = FUISegmentedControl.h; sourceTree = "<group>"; };
		DCDA429C179048BA00E14D50 /* FUISegmentedControl.m */ = {isa = PBXFileReference; fileEncoding = 4; lastKnownFileType = sourcecode.c.objc; path = FUISegmentedControl.m; sourceTree = "<group>"; };
		DCDA429D179048BA00E14D50 /* FUISwitch.h */ = {isa = PBXFileReference; fileEncoding = 4; lastKnownFileType = sourcecode.c.h; path = FUISwitch.h; sourceTree = "<group>"; };
		DCDA429E179048BA00E14D50 /* FUISwitch.m */ = {isa = PBXFileReference; fileEncoding = 4; lastKnownFileType = sourcecode.c.objc; path = FUISwitch.m; sourceTree = "<group>"; };
		DCDA429F179048BA00E14D50 /* UIBarButtonItem+FlatUI.h */ = {isa = PBXFileReference; fileEncoding = 4; lastKnownFileType = sourcecode.c.h; path = "UIBarButtonItem+FlatUI.h"; sourceTree = "<group>"; };
		DCDA42A0179048BA00E14D50 /* UIBarButtonItem+FlatUI.m */ = {isa = PBXFileReference; fileEncoding = 4; lastKnownFileType = sourcecode.c.objc; path = "UIBarButtonItem+FlatUI.m"; sourceTree = "<group>"; };
		DCDA42A1179048BA00E14D50 /* UIColor+FlatUI.h */ = {isa = PBXFileReference; fileEncoding = 4; lastKnownFileType = sourcecode.c.h; path = "UIColor+FlatUI.h"; sourceTree = "<group>"; };
		DCDA42A2179048BA00E14D50 /* UIColor+FlatUI.m */ = {isa = PBXFileReference; fileEncoding = 4; lastKnownFileType = sourcecode.c.objc; path = "UIColor+FlatUI.m"; sourceTree = "<group>"; };
		DCDA42A3179048BA00E14D50 /* UIFont+FlatUI.h */ = {isa = PBXFileReference; fileEncoding = 4; lastKnownFileType = sourcecode.c.h; path = "UIFont+FlatUI.h"; sourceTree = "<group>"; };
		DCDA42A4179048BA00E14D50 /* UIFont+FlatUI.m */ = {isa = PBXFileReference; fileEncoding = 4; lastKnownFileType = sourcecode.c.objc; path = "UIFont+FlatUI.m"; sourceTree = "<group>"; };
		DCDA42A5179048BA00E14D50 /* UIImage+FlatUI.h */ = {isa = PBXFileReference; fileEncoding = 4; lastKnownFileType = sourcecode.c.h; path = "UIImage+FlatUI.h"; sourceTree = "<group>"; };
		DCDA42A6179048BA00E14D50 /* UIImage+FlatUI.m */ = {isa = PBXFileReference; fileEncoding = 4; lastKnownFileType = sourcecode.c.objc; path = "UIImage+FlatUI.m"; sourceTree = "<group>"; };
		DCDA42A7179048BA00E14D50 /* UINavigationBar+FlatUI.h */ = {isa = PBXFileReference; fileEncoding = 4; lastKnownFileType = sourcecode.c.h; path = "UINavigationBar+FlatUI.h"; sourceTree = "<group>"; };
		DCDA42A8179048BA00E14D50 /* UINavigationBar+FlatUI.m */ = {isa = PBXFileReference; fileEncoding = 4; lastKnownFileType = sourcecode.c.objc; path = "UINavigationBar+FlatUI.m"; sourceTree = "<group>"; };
		DCDA42A9179048BA00E14D50 /* UIPopoverController+FlatUI.h */ = {isa = PBXFileReference; fileEncoding = 4; lastKnownFileType = sourcecode.c.h; path = "UIPopoverController+FlatUI.h"; sourceTree = "<group>"; };
		DCDA42AA179048BA00E14D50 /* UIPopoverController+FlatUI.m */ = {isa = PBXFileReference; fileEncoding = 4; lastKnownFileType = sourcecode.c.objc; path = "UIPopoverController+FlatUI.m"; sourceTree = "<group>"; };
		DCDA42AB179048BA00E14D50 /* UIProgressView+FlatUI.h */ = {isa = PBXFileReference; fileEncoding = 4; lastKnownFileType = sourcecode.c.h; path = "UIProgressView+FlatUI.h"; sourceTree = "<group>"; };
		DCDA42AC179048BA00E14D50 /* UIProgressView+FlatUI.m */ = {isa = PBXFileReference; fileEncoding = 4; lastKnownFileType = sourcecode.c.objc; path = "UIProgressView+FlatUI.m"; sourceTree = "<group>"; };
		DCDA42AD179048BA00E14D50 /* UISlider+FlatUI.h */ = {isa = PBXFileReference; fileEncoding = 4; lastKnownFileType = sourcecode.c.h; path = "UISlider+FlatUI.h"; sourceTree = "<group>"; };
		DCDA42AE179048BA00E14D50 /* UISlider+FlatUI.m */ = {isa = PBXFileReference; fileEncoding = 4; lastKnownFileType = sourcecode.c.objc; path = "UISlider+FlatUI.m"; sourceTree = "<group>"; };
		DCDA42AF179048BA00E14D50 /* UIStepper+FlatUI.h */ = {isa = PBXFileReference; fileEncoding = 4; lastKnownFileType = sourcecode.c.h; path = "UIStepper+FlatUI.h"; sourceTree = "<group>"; };
		DCDA42B0179048BA00E14D50 /* UIStepper+FlatUI.m */ = {isa = PBXFileReference; fileEncoding = 4; lastKnownFileType = sourcecode.c.objc; path = "UIStepper+FlatUI.m"; sourceTree = "<group>"; };
		DCDA42B1179048BA00E14D50 /* UITabBar+FlatUI.h */ = {isa = PBXFileReference; fileEncoding = 4; lastKnownFileType = sourcecode.c.h; path = "UITabBar+FlatUI.h"; sourceTree = "<group>"; };
		DCDA42B2179048BA00E14D50 /* UITabBar+FlatUI.m */ = {isa = PBXFileReference; fileEncoding = 4; lastKnownFileType = sourcecode.c.objc; path = "UITabBar+FlatUI.m"; sourceTree = "<group>"; };
		DCDA42B3179048BA00E14D50 /* UITableViewCell+FlatUI.h */ = {isa = PBXFileReference; fileEncoding = 4; lastKnownFileType = sourcecode.c.h; path = "UITableViewCell+FlatUI.h"; sourceTree = "<group>"; };
		DCDA42B4179048BA00E14D50 /* UITableViewCell+FlatUI.m */ = {isa = PBXFileReference; fileEncoding = 4; lastKnownFileType = sourcecode.c.objc; path = "UITableViewCell+FlatUI.m"; sourceTree = "<group>"; };
		DCDA42B5179048BA00E14D50 /* UIToolbar+FlatUI.h */ = {isa = PBXFileReference; fileEncoding = 4; lastKnownFileType = sourcecode.c.h; path = "UIToolbar+FlatUI.h"; sourceTree = "<group>"; };
		DCDA42B6179048BA00E14D50 /* UIToolbar+FlatUI.m */ = {isa = PBXFileReference; fileEncoding = 4; lastKnownFileType = sourcecode.c.objc; path = "UIToolbar+FlatUI.m"; sourceTree = "<group>"; };
		DCDA42C917904BDC00E14D50 /* Lato-Bold.ttf */ = {isa = PBXFileReference; lastKnownFileType = file; path = "Lato-Bold.ttf"; sourceTree = "<group>"; };
		DCDA42CA17904BDC00E14D50 /* Lato-Regular.ttf */ = {isa = PBXFileReference; lastKnownFileType = file; path = "Lato-Regular.ttf"; sourceTree = "<group>"; };
		DCDA42CB17904BDC00E14D50 /* Lato-Italic.ttf */ = {isa = PBXFileReference; lastKnownFileType = file; path = "Lato-Italic.ttf"; sourceTree = "<group>"; };
		DCDA42CF17904D5100E14D50 /* CoreText.framework */ = {isa = PBXFileReference; lastKnownFileType = wrapper.framework; name = CoreText.framework; path = System/Library/Frameworks/CoreText.framework; sourceTree = SDKROOT; };
		DCDA42D117904DDD00E14D50 /* Lato-Black.ttf */ = {isa = PBXFileReference; lastKnownFileType = file; path = "Lato-Black.ttf"; sourceTree = "<group>"; };
		DCDA42D217904DDD00E14D50 /* Lato-BlackItalic.ttf */ = {isa = PBXFileReference; lastKnownFileType = file; path = "Lato-BlackItalic.ttf"; sourceTree = "<group>"; };
		DCDA42D317904DDD00E14D50 /* Lato-BoldItalic.ttf */ = {isa = PBXFileReference; lastKnownFileType = file; path = "Lato-BoldItalic.ttf"; sourceTree = "<group>"; };
		DCDA42D417904DDD00E14D50 /* Lato-Hairline.ttf */ = {isa = PBXFileReference; lastKnownFileType = file; path = "Lato-Hairline.ttf"; sourceTree = "<group>"; };
		DCDA42D517904DDD00E14D50 /* Lato-HairlineItalic.ttf */ = {isa = PBXFileReference; lastKnownFileType = file; path = "Lato-HairlineItalic.ttf"; sourceTree = "<group>"; };
		DCDA42D617904DDD00E14D50 /* Lato-Light.ttf */ = {isa = PBXFileReference; lastKnownFileType = file; path = "Lato-Light.ttf"; sourceTree = "<group>"; };
		DCDA42D717904DDD00E14D50 /* Lato-LightItalic.ttf */ = {isa = PBXFileReference; lastKnownFileType = file; path = "Lato-LightItalic.ttf"; sourceTree = "<group>"; };
		DCDF26591789B5F4005168BE /* RemindersViewController.h */ = {isa = PBXFileReference; fileEncoding = 4; lastKnownFileType = sourcecode.c.h; path = RemindersViewController.h; sourceTree = "<group>"; };
		DCDF265A1789B5F4005168BE /* RemindersViewController.m */ = {isa = PBXFileReference; fileEncoding = 4; lastKnownFileType = sourcecode.c.objc; path = RemindersViewController.m; sourceTree = "<group>"; };
		DCE1FE44178910D60012478B /* MyPlane.app */ = {isa = PBXFileReference; explicitFileType = wrapper.application; includeInIndex = 0; path = MyPlane.app; sourceTree = BUILT_PRODUCTS_DIR; };
		DCE1FE47178910D60012478B /* UIKit.framework */ = {isa = PBXFileReference; lastKnownFileType = wrapper.framework; name = UIKit.framework; path = System/Library/Frameworks/UIKit.framework; sourceTree = SDKROOT; };
		DCE1FE49178910D60012478B /* Foundation.framework */ = {isa = PBXFileReference; lastKnownFileType = wrapper.framework; name = Foundation.framework; path = System/Library/Frameworks/Foundation.framework; sourceTree = SDKROOT; };
		DCE1FE4B178910D60012478B /* CoreGraphics.framework */ = {isa = PBXFileReference; lastKnownFileType = wrapper.framework; name = CoreGraphics.framework; path = System/Library/Frameworks/CoreGraphics.framework; sourceTree = SDKROOT; };
		DCE1FE4F178910D60012478B /* MyPlane-Info.plist */ = {isa = PBXFileReference; lastKnownFileType = text.plist.xml; path = "MyPlane-Info.plist"; sourceTree = "<group>"; };
		DCE1FE51178910D60012478B /* en */ = {isa = PBXFileReference; lastKnownFileType = text.plist.strings; name = en; path = en.lproj/InfoPlist.strings; sourceTree = "<group>"; };
		DCE1FE53178910D60012478B /* main.m */ = {isa = PBXFileReference; lastKnownFileType = sourcecode.c.objc; path = main.m; sourceTree = "<group>"; };
		DCE1FE55178910D60012478B /* MyPlane-Prefix.pch */ = {isa = PBXFileReference; lastKnownFileType = sourcecode.c.h; path = "MyPlane-Prefix.pch"; sourceTree = "<group>"; };
		DCE1FE56178910D60012478B /* AppDelegate.h */ = {isa = PBXFileReference; lastKnownFileType = sourcecode.c.h; path = AppDelegate.h; sourceTree = "<group>"; };
		DCE1FE57178910D60012478B /* AppDelegate.m */ = {isa = PBXFileReference; lastKnownFileType = sourcecode.c.objc; path = AppDelegate.m; sourceTree = "<group>"; };
		DCE1FE59178910D60012478B /* Default.png */ = {isa = PBXFileReference; lastKnownFileType = image.png; path = Default.png; sourceTree = "<group>"; };
		DCE1FE5B178910D60012478B /* Default@2x.png */ = {isa = PBXFileReference; lastKnownFileType = image.png; path = "Default@2x.png"; sourceTree = "<group>"; };
		DCE1FE5D178910D60012478B /* Default-568h@2x.png */ = {isa = PBXFileReference; lastKnownFileType = image.png; path = "Default-568h@2x.png"; sourceTree = "<group>"; };
		DCE1FE60178910D60012478B /* en */ = {isa = PBXFileReference; lastKnownFileType = file.storyboard; name = en; path = en.lproj/MainStoryboard.storyboard; sourceTree = "<group>"; };
		DCE1FE62178910D60012478B /* FirstViewController.h */ = {isa = PBXFileReference; lastKnownFileType = sourcecode.c.h; path = FirstViewController.h; sourceTree = "<group>"; };
		DCE1FE63178910D60012478B /* FirstViewController.m */ = {isa = PBXFileReference; lastKnownFileType = sourcecode.c.objc; path = FirstViewController.m; sourceTree = "<group>"; };
		DCE1FE65178910D60012478B /* first.png */ = {isa = PBXFileReference; lastKnownFileType = image.png; path = first.png; sourceTree = "<group>"; };
		DCE1FE67178910D60012478B /* first@2x.png */ = {isa = PBXFileReference; lastKnownFileType = image.png; path = "first@2x.png"; sourceTree = "<group>"; };
		DCE1FE75178911C20012478B /* Parse.framework */ = {isa = PBXFileReference; lastKnownFileType = wrapper.framework; name = Parse.framework; path = Downloads/Parse.framework; sourceTree = "<group>"; };
		DCE1FE77178911FA0012478B /* AudioToolbox.framework */ = {isa = PBXFileReference; lastKnownFileType = wrapper.framework; name = AudioToolbox.framework; path = System/Library/Frameworks/AudioToolbox.framework; sourceTree = SDKROOT; };
		DCE1FE79178912020012478B /* CFNetwork.framework */ = {isa = PBXFileReference; lastKnownFileType = wrapper.framework; name = CFNetwork.framework; path = System/Library/Frameworks/CFNetwork.framework; sourceTree = SDKROOT; };
		DCE1FE7B178912100012478B /* CoreLocation.framework */ = {isa = PBXFileReference; lastKnownFileType = wrapper.framework; name = CoreLocation.framework; path = System/Library/Frameworks/CoreLocation.framework; sourceTree = SDKROOT; };
		DCE1FE7D178912200012478B /* libz.1.1.3.dylib */ = {isa = PBXFileReference; lastKnownFileType = "compiled.mach-o.dylib"; name = libz.1.1.3.dylib; path = usr/lib/libz.1.1.3.dylib; sourceTree = SDKROOT; };
		DCE1FE7F178912270012478B /* MobileCoreServices.framework */ = {isa = PBXFileReference; lastKnownFileType = wrapper.framework; name = MobileCoreServices.framework; path = System/Library/Frameworks/MobileCoreServices.framework; sourceTree = SDKROOT; };
		DCE1FE811789122C0012478B /* QuartzCore.framework */ = {isa = PBXFileReference; lastKnownFileType = wrapper.framework; name = QuartzCore.framework; path = System/Library/Frameworks/QuartzCore.framework; sourceTree = SDKROOT; };
		DCE1FE83178912340012478B /* Security.framework */ = {isa = PBXFileReference; lastKnownFileType = wrapper.framework; name = Security.framework; path = System/Library/Frameworks/Security.framework; sourceTree = SDKROOT; };
		DCE1FE851789123A0012478B /* StoreKit.framework */ = {isa = PBXFileReference; lastKnownFileType = wrapper.framework; name = StoreKit.framework; path = System/Library/Frameworks/StoreKit.framework; sourceTree = SDKROOT; };
		DCE1FE87178912400012478B /* SystemConfiguration.framework */ = {isa = PBXFileReference; lastKnownFileType = wrapper.framework; name = SystemConfiguration.framework; path = System/Library/Frameworks/SystemConfiguration.framework; sourceTree = SDKROOT; };
		DCE3B08D17921DD500A73714 /* SettingsViewController.h */ = {isa = PBXFileReference; fileEncoding = 4; lastKnownFileType = sourcecode.c.h; path = SettingsViewController.h; sourceTree = "<group>"; };
		DCE3B08E17921DD500A73714 /* SettingsViewController.m */ = {isa = PBXFileReference; fileEncoding = 4; lastKnownFileType = sourcecode.c.objc; path = SettingsViewController.m; sourceTree = "<group>"; };
		DCE3B09017921DF700A73714 /* EditSettingsViewController.h */ = {isa = PBXFileReference; fileEncoding = 4; lastKnownFileType = sourcecode.c.h; path = EditSettingsViewController.h; sourceTree = "<group>"; };
		DCE3B09117921DF700A73714 /* EditSettingsViewController.m */ = {isa = PBXFileReference; fileEncoding = 4; lastKnownFileType = sourcecode.c.objc; path = EditSettingsViewController.m; sourceTree = "<group>"; };
		DCECC6BE179DB26D00D084D0 /* ProfileQueryViewController.h */ = {isa = PBXFileReference; fileEncoding = 4; lastKnownFileType = sourcecode.c.h; path = ProfileQueryViewController.h; sourceTree = "<group>"; };
		DCECC6BF179DB26D00D084D0 /* ProfileQueryViewController.m */ = {isa = PBXFileReference; fileEncoding = 4; lastKnownFileType = sourcecode.c.objc; path = ProfileQueryViewController.m; sourceTree = "<group>"; };
		DCECC6C1179F07E600D084D0 /* ProfileEditViewController.h */ = {isa = PBXFileReference; fileEncoding = 4; lastKnownFileType = sourcecode.c.h; path = ProfileEditViewController.h; sourceTree = "<group>"; };
		DCECC6C2179F07E600D084D0 /* ProfileEditViewController.m */ = {isa = PBXFileReference; fileEncoding = 4; lastKnownFileType = sourcecode.c.objc; path = ProfileEditViewController.m; sourceTree = "<group>"; };
		DCF891E0178A1E9000A89F6E /* tabbarBackground.png */ = {isa = PBXFileReference; lastKnownFileType = image.png; path = tabbarBackground.png; sourceTree = "<group>"; };
		DCF891E1178A1E9000A89F6E /* tabbarBackground@2x.png */ = {isa = PBXFileReference; lastKnownFileType = image.png; path = "tabbarBackground@2x.png"; sourceTree = "<group>"; };
		DCF891E2178A1E9000A89F6E /* tabBarSelectionIndicator.png */ = {isa = PBXFileReference; lastKnownFileType = image.png; path = tabBarSelectionIndicator.png; sourceTree = "<group>"; };
		DCF891E3178A1E9000A89F6E /* tabBarSelectionIndicator@2x.png */ = {isa = PBXFileReference; lastKnownFileType = image.png; path = "tabBarSelectionIndicator@2x.png"; sourceTree = "<group>"; };
		DCF891EB178A20EF00A89F6E /* buttonAdd.png */ = {isa = PBXFileReference; lastKnownFileType = image.png; path = buttonAdd.png; sourceTree = "<group>"; };
		DCF891EC178A20EF00A89F6E /* buttonAdd@2x.png */ = {isa = PBXFileReference; lastKnownFileType = image.png; path = "buttonAdd@2x.png"; sourceTree = "<group>"; };
		DCF891EF178A348E00A89F6E /* FriendsViewController.h */ = {isa = PBXFileReference; fileEncoding = 4; lastKnownFileType = sourcecode.c.h; path = FriendsViewController.h; sourceTree = "<group>"; };
		DCF891F0178A348E00A89F6E /* FriendsViewController.m */ = {isa = PBXFileReference; fileEncoding = 4; lastKnownFileType = sourcecode.c.objc; path = FriendsViewController.m; sourceTree = "<group>"; };
/* End PBXFileReference section */

/* Begin PBXFrameworksBuildPhase section */
		DCE1FE41178910D60012478B /* Frameworks */ = {
			isa = PBXFrameworksBuildPhase;
			buildActionMask = 2147483647;
			files = (
				DCE1FE89178912510012478B /* SystemConfiguration.framework in Frameworks */,
				DCE1FE8A178912510012478B /* StoreKit.framework in Frameworks */,
				DCE1FE8B178912510012478B /* Security.framework in Frameworks */,
				DCE1FE8C178912510012478B /* QuartzCore.framework in Frameworks */,
				DCE1FE8D178912510012478B /* MobileCoreServices.framework in Frameworks */,
				DCDA42D017904D5200E14D50 /* CoreText.framework in Frameworks */,
				DCE1FE8E178912510012478B /* libz.1.1.3.dylib in Frameworks */,
				DCE1FE8F178912510012478B /* CoreLocation.framework in Frameworks */,
				DCE1FE90178912510012478B /* CFNetwork.framework in Frameworks */,
				DCE1FE91178912510012478B /* AudioToolbox.framework in Frameworks */,
				DCE1FE76178911C20012478B /* Parse.framework in Frameworks */,
				DCE1FE48178910D60012478B /* UIKit.framework in Frameworks */,
				DCE1FE4A178910D60012478B /* Foundation.framework in Frameworks */,
				DCE1FE4C178910D60012478B /* CoreGraphics.framework in Frameworks */,
			);
			runOnlyForDeploymentPostprocessing = 0;
		};
/* End PBXFrameworksBuildPhase section */

/* Begin PBXGroup section */
		AEB24DC5178CD5E100C7711D /* Reminders */ = {
			isa = PBXGroup;
			children = (
				DCDF26591789B5F4005168BE /* RemindersViewController.h */,
				DCDF265A1789B5F4005168BE /* RemindersViewController.m */,
				AEF4584A17A31AFA00AFF8D6 /* RemindersVCDelegation */,
			);
			name = Reminders;
			sourceTree = "<group>";
		};
		AEB24DC6178CD5E900C7711D /* Friends */ = {
			isa = PBXGroup;
			children = (
				DCF891EF178A348E00A89F6E /* FriendsViewController.h */,
				DCF891F0178A348E00A89F6E /* FriendsViewController.m */,
				DCD4AE501796E5DD00F6C3FA /* FriendsQueryViewController.h */,
				DCD4AE511796E5DD00F6C3FA /* FriendsQueryViewController.m */,
				AE46DEA4178B73390080CB0A /* AddFriendViewController.h */,
				AE46DEA5178B73390080CB0A /* AddFriendViewController.m */,
				DC2FE9FE1793A1E9009EACD0 /* ReceivedFriendRequestsViewController.h */,
				DC2FE9FF1793A1E9009EACD0 /* ReceivedFriendRequestsViewController.m */,
			);
			name = Friends;
			sourceTree = "<group>";
		};
		AED62A2B17A1ECA4002055ED /* Subclasses */ = {
			isa = PBXGroup;
			children = (
				DC935CD8178F013700C316A3 /* UserInfo.h */,
				DC935CD9178F013700C316A3 /* UserInfo.m */,
				AED62A3217A1ED65002055ED /* Circles.h */,
				AED62A3317A1ED65002055ED /* Circles.m */,
				AED62A2C17A1ED42002055ED /* SocialPosts.h */,
				AED62A2D17A1ED42002055ED /* SocialPosts.m */,
				AED62A2F17A1ED59002055ED /* Comments.h */,
				AED62A3017A1ED59002055ED /* Comments.m */,
				AE89177C17AF115E00DD2DC0 /* Requests.h */,
				AE89177D17AF115E00DD2DC0 /* Requests.m */,
			);
			name = Subclasses;
			sourceTree = "<group>";
		};
		AEF4582417A1F62400AFF8D6 /* Social */ = {
			isa = PBXGroup;
			children = (
				AEF4582717A1F65700AFF8D6 /* SocialViewController.h */,
				AEF4582817A1F65700AFF8D6 /* SocialViewController.m */,
				AEF4582E17A1F68D00AFF8D6 /* AddSocialPostViewController.h */,
				AEF4582F17A1F68D00AFF8D6 /* AddSocialPostViewController.m */,
				AEF4582B17A1F67E00AFF8D6 /* PickCircleViewController.h */,
				AEF4582C17A1F67E00AFF8D6 /* PickCircleViewController.m */,
				AEF4582517A1F65700AFF8D6 /* SocialPostDetailViewController.h */,
				AEF4582617A1F65700AFF8D6 /* SocialPostDetailViewController.m */,
			);
			name = Social;
			sourceTree = "<group>";
		};
		AEF4583117A1F69E00AFF8D6 /* Circle */ = {
			isa = PBXGroup;
			children = (
				AEF4583A17A1F6DF00AFF8D6 /* CirclesViewController.h */,
				AEF4583B17A1F6DF00AFF8D6 /* CirclesViewController.m */,
				AEF4583217A1F6DF00AFF8D6 /* CircleDetailViewController.h */,
				AEF4583317A1F6DF00AFF8D6 /* CircleDetailViewController.m */,
				AEF4583417A1F6DF00AFF8D6 /* CircleMembersViewController.h */,
				AEF4583517A1F6DF00AFF8D6 /* CircleMembersViewController.m */,
				AEF4583617A1F6DF00AFF8D6 /* CirclePostsViewController.h */,
				AEF4583717A1F6DF00AFF8D6 /* CirclePostsViewController.m */,
				AEF4583817A1F6DF00AFF8D6 /* CircleRequestsViewController.h */,
				AEF4583917A1F6DF00AFF8D6 /* CircleRequestsViewController.m */,
				AEF4583C17A1F6DF00AFF8D6 /* CreateCircleViewController.h */,
				AEF4583D17A1F6DF00AFF8D6 /* CreateCircleViewController.m */,
				AEF4583E17A1F6DF00AFF8D6 /* InviteMembersToCircleViewController.h */,
				AEF4583F17A1F6DF00AFF8D6 /* InviteMembersToCircleViewController.m */,
				AEF4584017A1F6DF00AFF8D6 /* JoinCircleViewController.h */,
				AEF4584117A1F6DF00AFF8D6 /* JoinCircleViewController.m */,
			);
			name = Circle;
			sourceTree = "<group>";
		};
		AEF4584A17A31AFA00AFF8D6 /* RemindersVCDelegation */ = {
			isa = PBXGroup;
			children = (
				DC2FE9F617939C1E009EACD0 /* ReminderDisclosureViewController.h */,
				DC2FE9F717939C1E009EACD0 /* ReminderDisclosureViewController.m */,
				DC2FE9F217939C1E009EACD0 /* MySentRemindersViewController.h */,
				DC2FE9F317939C1E009EACD0 /* MySentRemindersViewController.m */,
				AE46DEAA178B81A60080CB0A /* AddReminderViewController.h */,
				AE46DEAB178B81A70080CB0A /* AddReminderViewController.m */,
				AEF4584B17A31B2100AFF8D6 /* AddRemindersDelegation */,
			);
			name = RemindersVCDelegation;
			sourceTree = "<group>";
		};
		AEF4584B17A31B2100AFF8D6 /* AddRemindersDelegation */ = {
			isa = PBXGroup;
			children = (
				AEB24DC2178CD4B200C7711D /* FriendsForRemindersViewController.h */,
				AEB24DC3178CD4B200C7711D /* FriendsForRemindersViewController.m */,
				DC2FE9F417939C1E009EACD0 /* ReminderDateViewController.h */,
				DC2FE9F517939C1E009EACD0 /* ReminderDateViewController.m */,
			);
			name = AddRemindersDelegation;
			sourceTree = "<group>";
		};
		DC38B1ED1793192600304619 /* LoginandSignUp */ = {
			isa = PBXGroup;
			children = (
				DC38B1EE1793195400304619 /* MyLoginViewController.h */,
				DC38B1EF1793195400304619 /* MyLoginViewController.m */,
				DC38B1F11793196400304619 /* MySignUpViewController.h */,
				DC38B1F21793196400304619 /* MySignUpViewController.m */,
			);
			name = LoginandSignUp;
			sourceTree = "<group>";
		};
		DC73AEDF17BB4EAB0049AF50 /* UzysSlideMenu */ = {
			isa = PBXGroup;
			children = (
				DC73AEEC17BB4F500049AF50 /* a0@2x.png */,
				DC73AEED17BB4F500049AF50 /* a1@2x.png */,
				DC73AEEE17BB4F500049AF50 /* a2@2x.png */,
				DC73AEE017BB4EAB0049AF50 /* ARCHelper.h */,
				DC73AEE117BB4EAB0049AF50 /* UzysSlideMenu.h */,
				DC73AEE217BB4EAB0049AF50 /* UzysSlideMenu.m */,
				DC73AEE317BB4EAB0049AF50 /* UzysSMMenuItem.h */,
				DC73AEE417BB4EAB0049AF50 /* UzysSMMenuItem.m */,
				DC73AEE517BB4EAB0049AF50 /* UzysSMMenuItemView.h */,
				DC73AEE617BB4EAB0049AF50 /* UzysSMMenuItemView.m */,
				DC73AEE717BB4EAB0049AF50 /* UzysSMMenuItemView.xib */,
			);
			name = UzysSlideMenu;
			path = Library;
			sourceTree = "<group>";
		};
		DCD4AE53179AA74000F6C3FA /* SVProgressHUD */ = {
			isa = PBXGroup;
			children = (
				DCD4AE54179AA74100F6C3FA /* SVProgressHUD.bundle */,
				DCD4AE55179AA74100F6C3FA /* SVProgressHUD.h */,
				DCD4AE56179AA74100F6C3FA /* SVProgressHUD.m */,
			);
			path = SVProgressHUD;
			sourceTree = "<group>";
		};
		DCDA4291179048A600E14D50 /* FlatUIKit */ = {
			isa = PBXGroup;
			children = (
				DCDA42C917904BDC00E14D50 /* Lato-Bold.ttf */,
				DCDA42CA17904BDC00E14D50 /* Lato-Regular.ttf */,
				DCDA42CB17904BDC00E14D50 /* Lato-Italic.ttf */,
				DCDA42D117904DDD00E14D50 /* Lato-Black.ttf */,
				DCDA42D217904DDD00E14D50 /* Lato-BlackItalic.ttf */,
				DCDA42D317904DDD00E14D50 /* Lato-BoldItalic.ttf */,
				DCDA42D417904DDD00E14D50 /* Lato-Hairline.ttf */,
				DCDA42D517904DDD00E14D50 /* Lato-HairlineItalic.ttf */,
				DCDA42D617904DDD00E14D50 /* Lato-Light.ttf */,
				DCDA42D717904DDD00E14D50 /* Lato-LightItalic.ttf */,
				DCDA4292179048BA00E14D50 /* FlatUIKit.h */,
				DCDA4293179048BA00E14D50 /* FUIAlertView.h */,
				DCDA4294179048BA00E14D50 /* FUIAlertView.m */,
				DCDA4295179048BA00E14D50 /* FUIButton.h */,
				DCDA4296179048BA00E14D50 /* FUIButton.m */,
				DCDA4297179048BA00E14D50 /* FUICellBackgroundView.h */,
				DCDA4298179048BA00E14D50 /* FUICellBackgroundView.m */,
				DCDA4299179048BA00E14D50 /* FUIPopoverBackgroundView.h */,
				DCDA429A179048BA00E14D50 /* FUIPopoverBackgroundView.m */,
				DCDA429B179048BA00E14D50 /* FUISegmentedControl.h */,
				DCDA429C179048BA00E14D50 /* FUISegmentedControl.m */,
				DCDA429D179048BA00E14D50 /* FUISwitch.h */,
				DCDA429E179048BA00E14D50 /* FUISwitch.m */,
				DCDA429F179048BA00E14D50 /* UIBarButtonItem+FlatUI.h */,
				DCDA42A0179048BA00E14D50 /* UIBarButtonItem+FlatUI.m */,
				DCDA42A1179048BA00E14D50 /* UIColor+FlatUI.h */,
				DCDA42A2179048BA00E14D50 /* UIColor+FlatUI.m */,
				DCDA42A3179048BA00E14D50 /* UIFont+FlatUI.h */,
				DCDA42A4179048BA00E14D50 /* UIFont+FlatUI.m */,
				DCDA42A5179048BA00E14D50 /* UIImage+FlatUI.h */,
				DCDA42A6179048BA00E14D50 /* UIImage+FlatUI.m */,
				DCDA42A7179048BA00E14D50 /* UINavigationBar+FlatUI.h */,
				DCDA42A8179048BA00E14D50 /* UINavigationBar+FlatUI.m */,
				DCDA42A9179048BA00E14D50 /* UIPopoverController+FlatUI.h */,
				DCDA42AA179048BA00E14D50 /* UIPopoverController+FlatUI.m */,
				DCDA42AB179048BA00E14D50 /* UIProgressView+FlatUI.h */,
				DCDA42AC179048BA00E14D50 /* UIProgressView+FlatUI.m */,
				DCDA42AD179048BA00E14D50 /* UISlider+FlatUI.h */,
				DCDA42AE179048BA00E14D50 /* UISlider+FlatUI.m */,
				DCDA42AF179048BA00E14D50 /* UIStepper+FlatUI.h */,
				DCDA42B0179048BA00E14D50 /* UIStepper+FlatUI.m */,
				DCDA42B1179048BA00E14D50 /* UITabBar+FlatUI.h */,
				DCDA42B2179048BA00E14D50 /* UITabBar+FlatUI.m */,
				DCDA42B3179048BA00E14D50 /* UITableViewCell+FlatUI.h */,
				DCDA42B4179048BA00E14D50 /* UITableViewCell+FlatUI.m */,
				DCDA42B5179048BA00E14D50 /* UIToolbar+FlatUI.h */,
				DCDA42B6179048BA00E14D50 /* UIToolbar+FlatUI.m */,
			);
			name = FlatUIKit;
			sourceTree = "<group>";
		};
		DCE1FE3B178910D60012478B = {
			isa = PBXGroup;
			children = (
				DCE1FE4D178910D60012478B /* MyPlane */,
				DCE1FE46178910D60012478B /* Frameworks */,
				DCE1FE45178910D60012478B /* Products */,
			);
			sourceTree = "<group>";
		};
		DCE1FE45178910D60012478B /* Products */ = {
			isa = PBXGroup;
			children = (
				DCE1FE44178910D60012478B /* MyPlane.app */,
			);
			name = Products;
			sourceTree = "<group>";
		};
		DCE1FE46178910D60012478B /* Frameworks */ = {
			isa = PBXGroup;
			children = (
				DCDA42CF17904D5100E14D50 /* CoreText.framework */,
				DCE1FE87178912400012478B /* SystemConfiguration.framework */,
				DCE1FE851789123A0012478B /* StoreKit.framework */,
				DCE1FE83178912340012478B /* Security.framework */,
				DCE1FE811789122C0012478B /* QuartzCore.framework */,
				DCE1FE7F178912270012478B /* MobileCoreServices.framework */,
				DCE1FE7D178912200012478B /* libz.1.1.3.dylib */,
				DCE1FE7B178912100012478B /* CoreLocation.framework */,
				DCE1FE79178912020012478B /* CFNetwork.framework */,
				DCE1FE77178911FA0012478B /* AudioToolbox.framework */,
				DCE1FE75178911C20012478B /* Parse.framework */,
				DCE1FE47178910D60012478B /* UIKit.framework */,
				DCE1FE49178910D60012478B /* Foundation.framework */,
				DCE1FE4B178910D60012478B /* CoreGraphics.framework */,
			);
			name = Frameworks;
			sourceTree = "<group>";
		};
		DCE1FE4D178910D60012478B /* MyPlane */ = {
			isa = PBXGroup;
			children = (
				DC73AEDF17BB4EAB0049AF50 /* UzysSlideMenu */,
				DCD4AE53179AA74000F6C3FA /* SVProgressHUD */,
				DCDA4291179048A600E14D50 /* FlatUIKit */,
				DCF891DF178A1E7800A89F6E /* TabBarImages */,
				DCE1FE5F178910D60012478B /* MainStoryboard.storyboard */,
				DC11C1D517944EA60059FC27 /* Placeholder.png */,
				DC11C1D617944EA60059FC27 /* Placeholder@2x.png */,
				DCE1FE56178910D60012478B /* AppDelegate.h */,
				DCE1FE57178910D60012478B /* AppDelegate.m */,
				DC4D6C9A1789185D00823DC4 /* PlaneTabViewController.h */,
				DC4D6C9B1789185D00823DC4 /* PlaneTabViewController.m */,
				DC38B1F41793562400304619 /* firstTimeSettingsViewController.h */,
				DC38B1F51793562400304619 /* firstTimeSettingsViewController.m */,
				DC38B1ED1793192600304619 /* LoginandSignUp */,
				AEB24DC5178CD5E100C7711D /* Reminders */,
				AEB24DC6178CD5E900C7711D /* Friends */,
				AEF4583117A1F69E00AFF8D6 /* Circle */,
				AEF4582417A1F62400AFF8D6 /* Social */,
				DCE1FE65178910D60012478B /* first.png */,
				DCE1FE67178910D60012478B /* first@2x.png */,
				DCE3B09017921DF700A73714 /* EditSettingsViewController.h */,
				DCE3B09117921DF700A73714 /* EditSettingsViewController.m */,
				DCECC6C1179F07E600D084D0 /* ProfileEditViewController.h */,
				DCECC6C2179F07E600D084D0 /* ProfileEditViewController.m */,
				DCE1FE62178910D60012478B /* FirstViewController.h */,
				DCE1FE63178910D60012478B /* FirstViewController.m */,
				DCE3B08D17921DD500A73714 /* SettingsViewController.h */,
				DCE3B08E17921DD500A73714 /* SettingsViewController.m */,
				DCECC6BE179DB26D00D084D0 /* ProfileQueryViewController.h */,
				DCECC6BF179DB26D00D084D0 /* ProfileQueryViewController.m */,
				AED62A2B17A1ECA4002055ED /* Subclasses */,
				DCE1FE4E178910D60012478B /* Supporting Files */,
			);
			path = MyPlane;
			sourceTree = "<group>";
		};
		DCE1FE4E178910D60012478B /* Supporting Files */ = {
			isa = PBXGroup;
			children = (
				DCE1FE4F178910D60012478B /* MyPlane-Info.plist */,
				DCE1FE50178910D60012478B /* InfoPlist.strings */,
				DCE1FE53178910D60012478B /* main.m */,
				DCE1FE55178910D60012478B /* MyPlane-Prefix.pch */,
				DCE1FE59178910D60012478B /* Default.png */,
				DCE1FE5B178910D60012478B /* Default@2x.png */,
				DCE1FE5D178910D60012478B /* Default-568h@2x.png */,
			);
			name = "Supporting Files";
			sourceTree = "<group>";
		};
		DCF891DF178A1E7800A89F6E /* TabBarImages */ = {
			isa = PBXGroup;
			children = (
				DCF891E0178A1E9000A89F6E /* tabbarBackground.png */,
				DCF891E1178A1E9000A89F6E /* tabbarBackground@2x.png */,
				DCF891E2178A1E9000A89F6E /* tabBarSelectionIndicator.png */,
				DCF891E3178A1E9000A89F6E /* tabBarSelectionIndicator@2x.png */,
				DCF891EB178A20EF00A89F6E /* buttonAdd.png */,
				DCF891EC178A20EF00A89F6E /* buttonAdd@2x.png */,
				DC11C1E1179474360059FC27 /* buttonAdd-Flat.png */,
				DC11C1E2179474360059FC27 /* buttonAdd-Flat@2x.png */,
				DC11C1E3179474360059FC27 /* buttonAdd-Flat-Selected.png */,
				DC11C1E4179474360059FC27 /* buttonAdd-Flat@2x-Selected.png */,
				DC11C1E9179474D60059FC27 /* user-frame.png */,
				DC11C1EA179474D60059FC27 /* user-frame@2x.png */,
				DC11C1F11794756F0059FC27 /* list-item.png */,
				DC11C1EE179475290059FC27 /* list-item@2x.png */,
				DC11C1F3179476AF0059FC27 /* tableBackground.png */,
				DC11C1F4179476B00059FC27 /* tableBackground@2x.png */,
				DC11C1F717947EF90059FC27 /* icon-check.png */,
				DC11C1F817947EF90059FC27 /* icon-check@2x.png */,
				DC11C1FB17947F410059FC27 /* sidemenu-item-check.png */,
				DC11C1FC17947F410059FC27 /* sidemenu-item-check@2x.png */,
				DC11C1FF179481260059FC27 /* 20-gear2.png */,
				DC11C200179481260059FC27 /* 20-gear2@2x.png */,
				DC11C201179481260059FC27 /* 58-todo.png */,
				DC11C202179481260059FC27 /* 58-todo@2x.png */,
				DC11C203179481260059FC27 /* 112-group.png */,
				DC11C204179481260059FC27 /* 112-group@2x.png */,
				DC11C205179481260059FC27 /* 117-todo.png */,
				DC11C206179481270059FC27 /* 117-todo@2x.png */,
				DC11C207179481270059FC27 /* 123-id-card.png */,
				DC11C208179481270059FC27 /* 123-id-card@2x.png */,
				DCD415E517959250003F9E55 /* buttonAdd-F.png */,
				DCD415E617959250003F9E55 /* buttonAdd-F@2x.png */,
				DCD415E91795926B003F9E55 /* buttonAdd-FlatUI-Selected.png */,
				DCD415EA1795926B003F9E55 /* buttonAdd-FlatUI@2x-Selected.png */,
			);
			name = TabBarImages;
			sourceTree = "<group>";
		};
/* End PBXGroup section */

/* Begin PBXNativeTarget section */
		DCE1FE43178910D60012478B /* MyPlane */ = {
			isa = PBXNativeTarget;
			buildConfigurationList = DCE1FE72178910D60012478B /* Build configuration list for PBXNativeTarget "MyPlane" */;
			buildPhases = (
				DCE1FE40178910D60012478B /* Sources */,
				DCE1FE41178910D60012478B /* Frameworks */,
				DCE1FE42178910D60012478B /* Resources */,
			);
			buildRules = (
			);
			dependencies = (
			);
			name = MyPlane;
			productName = MyPlane;
			productReference = DCE1FE44178910D60012478B /* MyPlane.app */;
			productType = "com.apple.product-type.application";
		};
/* End PBXNativeTarget section */

/* Begin PBXProject section */
		DCE1FE3C178910D60012478B /* Project object */ = {
			isa = PBXProject;
			attributes = {
				LastUpgradeCheck = 0460;
				ORGANIZATIONNAME = "Acubed Productions";
			};
			buildConfigurationList = DCE1FE3F178910D60012478B /* Build configuration list for PBXProject "MyPlane" */;
			compatibilityVersion = "Xcode 3.2";
			developmentRegion = English;
			hasScannedForEncodings = 0;
			knownRegions = (
				en,
			);
			mainGroup = DCE1FE3B178910D60012478B;
			productRefGroup = DCE1FE45178910D60012478B /* Products */;
			projectDirPath = "";
			projectRoot = "";
			targets = (
				DCE1FE43178910D60012478B /* MyPlane */,
			);
		};
/* End PBXProject section */

/* Begin PBXResourcesBuildPhase section */
		DCE1FE42178910D60012478B /* Resources */ = {
			isa = PBXResourcesBuildPhase;
			buildActionMask = 2147483647;
			files = (
				DCE1FE52178910D60012478B /* InfoPlist.strings in Resources */,
				DCE1FE5A178910D60012478B /* Default.png in Resources */,
				DCE1FE5C178910D60012478B /* Default@2x.png in Resources */,
				DCE1FE5E178910D60012478B /* Default-568h@2x.png in Resources */,
				DCE1FE61178910D60012478B /* MainStoryboard.storyboard in Resources */,
				DCE1FE66178910D60012478B /* first.png in Resources */,
				DCE1FE68178910D60012478B /* first@2x.png in Resources */,
				DCF891E4178A1E9000A89F6E /* tabbarBackground.png in Resources */,
				DCF891E5178A1E9000A89F6E /* tabbarBackground@2x.png in Resources */,
				DCF891E6178A1E9000A89F6E /* tabBarSelectionIndicator.png in Resources */,
				DCF891E7178A1E9000A89F6E /* tabBarSelectionIndicator@2x.png in Resources */,
				DCF891ED178A20EF00A89F6E /* buttonAdd.png in Resources */,
				DCF891EE178A20EF00A89F6E /* buttonAdd@2x.png in Resources */,
				DCDA42CC17904BDC00E14D50 /* Lato-Bold.ttf in Resources */,
				DCDA42CD17904BDC00E14D50 /* Lato-Regular.ttf in Resources */,
				DCDA42CE17904BDC00E14D50 /* Lato-Italic.ttf in Resources */,
				DCDA42D817904DDE00E14D50 /* Lato-Black.ttf in Resources */,
				DCDA42D917904DDE00E14D50 /* Lato-BlackItalic.ttf in Resources */,
				DCDA42DA17904DDE00E14D50 /* Lato-BoldItalic.ttf in Resources */,
				DCDA42DB17904DDE00E14D50 /* Lato-Hairline.ttf in Resources */,
				DCDA42DC17904DDE00E14D50 /* Lato-HairlineItalic.ttf in Resources */,
				DCDA42DD17904DDE00E14D50 /* Lato-Light.ttf in Resources */,
				DCDA42DE17904DDE00E14D50 /* Lato-LightItalic.ttf in Resources */,
				DC11C1D717944EA60059FC27 /* Placeholder.png in Resources */,
				DC11C1D817944EA60059FC27 /* Placeholder@2x.png in Resources */,
				DC11C1E5179474370059FC27 /* buttonAdd-Flat.png in Resources */,
				DC11C1E6179474370059FC27 /* buttonAdd-Flat@2x.png in Resources */,
				DC11C1E7179474370059FC27 /* buttonAdd-Flat-Selected.png in Resources */,
				DC11C1E8179474370059FC27 /* buttonAdd-Flat@2x-Selected.png in Resources */,
				DC11C1EB179474D60059FC27 /* user-frame.png in Resources */,
				DC11C1EC179474D60059FC27 /* user-frame@2x.png in Resources */,
				DC11C1F0179475290059FC27 /* list-item@2x.png in Resources */,
				DC11C1F21794756F0059FC27 /* list-item.png in Resources */,
				DC11C1F5179476B00059FC27 /* tableBackground.png in Resources */,
				DC11C1F6179476B00059FC27 /* tableBackground@2x.png in Resources */,
				DC11C1F917947EF90059FC27 /* icon-check.png in Resources */,
				DC11C1FA17947EF90059FC27 /* icon-check@2x.png in Resources */,
				DC11C1FD17947F410059FC27 /* sidemenu-item-check.png in Resources */,
				DC11C1FE17947F410059FC27 /* sidemenu-item-check@2x.png in Resources */,
				DC11C209179481270059FC27 /* 20-gear2.png in Resources */,
				DC11C20A179481270059FC27 /* 20-gear2@2x.png in Resources */,
				DC11C20B179481270059FC27 /* 58-todo.png in Resources */,
				DC11C20C179481270059FC27 /* 58-todo@2x.png in Resources */,
				DC11C20D179481270059FC27 /* 112-group.png in Resources */,
				DC11C20E179481270059FC27 /* 112-group@2x.png in Resources */,
				DC11C20F179481270059FC27 /* 117-todo.png in Resources */,
				DC11C210179481270059FC27 /* 117-todo@2x.png in Resources */,
				DC11C211179481270059FC27 /* 123-id-card.png in Resources */,
				DC11C212179481270059FC27 /* 123-id-card@2x.png in Resources */,
				DCD415E717959250003F9E55 /* buttonAdd-F.png in Resources */,
				DCD415E817959250003F9E55 /* buttonAdd-F@2x.png in Resources */,
				DCD415EB1795926B003F9E55 /* buttonAdd-FlatUI-Selected.png in Resources */,
				DCD415EC1795926B003F9E55 /* buttonAdd-FlatUI@2x-Selected.png in Resources */,
				DCD4AE57179AA74100F6C3FA /* SVProgressHUD.bundle in Resources */,
				DC73AEEB17BB4EAB0049AF50 /* UzysSMMenuItemView.xib in Resources */,
				DC73AEEF17BB4F500049AF50 /* a0@2x.png in Resources */,
				DC73AEF017BB4F500049AF50 /* a1@2x.png in Resources */,
				DC73AEF117BB4F500049AF50 /* a2@2x.png in Resources */,
			);
			runOnlyForDeploymentPostprocessing = 0;
		};
/* End PBXResourcesBuildPhase section */

/* Begin PBXSourcesBuildPhase section */
		DCE1FE40178910D60012478B /* Sources */ = {
			isa = PBXSourcesBuildPhase;
			buildActionMask = 2147483647;
			files = (
				DCE1FE54178910D60012478B /* main.m in Sources */,
				DCE1FE58178910D60012478B /* AppDelegate.m in Sources */,
				DCE1FE64178910D60012478B /* FirstViewController.m in Sources */,
				DC4D6C9C1789185D00823DC4 /* PlaneTabViewController.m in Sources */,
				DCDF265B1789B5F4005168BE /* RemindersViewController.m in Sources */,
				DCF891F1178A348E00A89F6E /* FriendsViewController.m in Sources */,
				AE46DEA6178B73390080CB0A /* AddFriendViewController.m in Sources */,
				AE46DEAC178B81A70080CB0A /* AddReminderViewController.m in Sources */,
				AEB24DC4178CD4B200C7711D /* FriendsForRemindersViewController.m in Sources */,
				DC935CDA178F013800C316A3 /* UserInfo.m in Sources */,
				DCDA42B7179048BA00E14D50 /* FUIAlertView.m in Sources */,
				DCDA42B8179048BA00E14D50 /* FUIButton.m in Sources */,
				DCDA42B9179048BA00E14D50 /* FUICellBackgroundView.m in Sources */,
				DCDA42BA179048BA00E14D50 /* FUIPopoverBackgroundView.m in Sources */,
				DCDA42BB179048BA00E14D50 /* FUISegmentedControl.m in Sources */,
				DCDA42BC179048BA00E14D50 /* FUISwitch.m in Sources */,
				DCDA42BD179048BA00E14D50 /* UIBarButtonItem+FlatUI.m in Sources */,
				DCDA42BE179048BA00E14D50 /* UIColor+FlatUI.m in Sources */,
				DCDA42BF179048BA00E14D50 /* UIFont+FlatUI.m in Sources */,
				DCDA42C0179048BA00E14D50 /* UIImage+FlatUI.m in Sources */,
				DCDA42C1179048BA00E14D50 /* UINavigationBar+FlatUI.m in Sources */,
				DCDA42C2179048BA00E14D50 /* UIPopoverController+FlatUI.m in Sources */,
				DCDA42C3179048BA00E14D50 /* UIProgressView+FlatUI.m in Sources */,
				DCDA42C4179048BA00E14D50 /* UISlider+FlatUI.m in Sources */,
				DCDA42C5179048BA00E14D50 /* UIStepper+FlatUI.m in Sources */,
				DCDA42C6179048BA00E14D50 /* UITabBar+FlatUI.m in Sources */,
				DCDA42C7179048BA00E14D50 /* UITableViewCell+FlatUI.m in Sources */,
				DCDA42C8179048BA00E14D50 /* UIToolbar+FlatUI.m in Sources */,
				DCE3B08F17921DD500A73714 /* SettingsViewController.m in Sources */,
				DCE3B09217921DF700A73714 /* EditSettingsViewController.m in Sources */,
				DC38B1F01793195400304619 /* MyLoginViewController.m in Sources */,
				DC38B1F31793196400304619 /* MySignUpViewController.m in Sources */,
				DC38B1F61793562400304619 /* firstTimeSettingsViewController.m in Sources */,
				DC2FE9FA17939C1E009EACD0 /* MySentRemindersViewController.m in Sources */,
				DC2FE9FB17939C1E009EACD0 /* ReminderDateViewController.m in Sources */,
				DC2FE9FC17939C1E009EACD0 /* ReminderDisclosureViewController.m in Sources */,
				DC2FEA001793A1E9009EACD0 /* ReceivedFriendRequestsViewController.m in Sources */,
				DCD4AE521796E5DD00F6C3FA /* FriendsQueryViewController.m in Sources */,
				DCD4AE58179AA74100F6C3FA /* SVProgressHUD.m in Sources */,
				DCECC6C0179DB26D00D084D0 /* ProfileQueryViewController.m in Sources */,
				DCECC6C3179F07E600D084D0 /* ProfileEditViewController.m in Sources */,
				AED62A2E17A1ED42002055ED /* SocialPosts.m in Sources */,
				AED62A3117A1ED59002055ED /* Comments.m in Sources */,
				AED62A3417A1ED65002055ED /* Circles.m in Sources */,
				AEF4582917A1F65700AFF8D6 /* SocialPostDetailViewController.m in Sources */,
				AEF4582A17A1F65700AFF8D6 /* SocialViewController.m in Sources */,
				AEF4582D17A1F67E00AFF8D6 /* PickCircleViewController.m in Sources */,
				AEF4583017A1F68D00AFF8D6 /* AddSocialPostViewController.m in Sources */,
				AEF4584217A1F6DF00AFF8D6 /* CircleDetailViewController.m in Sources */,
				AEF4584317A1F6DF00AFF8D6 /* CircleMembersViewController.m in Sources */,
				AEF4584417A1F6DF00AFF8D6 /* CirclePostsViewController.m in Sources */,
				AEF4584517A1F6DF00AFF8D6 /* CircleRequestsViewController.m in Sources */,
				AEF4584617A1F6DF00AFF8D6 /* CirclesViewController.m in Sources */,
				AEF4584717A1F6DF00AFF8D6 /* CreateCircleViewController.m in Sources */,
				AEF4584817A1F6DF00AFF8D6 /* InviteMembersToCircleViewController.m in Sources */,
				AEF4584917A1F6DF00AFF8D6 /* JoinCircleViewController.m in Sources */,
				AE89177E17AF115E00DD2DC0 /* Requests.m in Sources */,
				DC73AEE817BB4EAB0049AF50 /* UzysSlideMenu.m in Sources */,
				DC73AEE917BB4EAB0049AF50 /* UzysSMMenuItem.m in Sources */,
				DC73AEEA17BB4EAB0049AF50 /* UzysSMMenuItemView.m in Sources */,
			);
			runOnlyForDeploymentPostprocessing = 0;
		};
/* End PBXSourcesBuildPhase section */

/* Begin PBXVariantGroup section */
		DCE1FE50178910D60012478B /* InfoPlist.strings */ = {
			isa = PBXVariantGroup;
			children = (
				DCE1FE51178910D60012478B /* en */,
			);
			name = InfoPlist.strings;
			sourceTree = "<group>";
		};
		DCE1FE5F178910D60012478B /* MainStoryboard.storyboard */ = {
			isa = PBXVariantGroup;
			children = (
				DCE1FE60178910D60012478B /* en */,
			);
			name = MainStoryboard.storyboard;
			sourceTree = "<group>";
		};
/* End PBXVariantGroup section */

/* Begin XCBuildConfiguration section */
		DCE1FE70178910D60012478B /* Debug */ = {
			isa = XCBuildConfiguration;
			buildSettings = {
				ALWAYS_SEARCH_USER_PATHS = NO;
				CLANG_CXX_LANGUAGE_STANDARD = "gnu++0x";
				CLANG_CXX_LIBRARY = "libc++";
				CLANG_ENABLE_OBJC_ARC = YES;
				CLANG_WARN_CONSTANT_CONVERSION = YES;
				CLANG_WARN_EMPTY_BODY = YES;
				CLANG_WARN_ENUM_CONVERSION = YES;
				CLANG_WARN_INT_CONVERSION = YES;
				CLANG_WARN__DUPLICATE_METHOD_MATCH = YES;
				"CODE_SIGN_IDENTITY[sdk=iphoneos*]" = "iPhone Developer";
				COPY_PHASE_STRIP = NO;
				GCC_C_LANGUAGE_STANDARD = gnu99;
				GCC_DYNAMIC_NO_PIC = NO;
				GCC_OPTIMIZATION_LEVEL = 0;
				GCC_PREPROCESSOR_DEFINITIONS = (
					"DEBUG=1",
					"$(inherited)",
				);
				GCC_SYMBOLS_PRIVATE_EXTERN = NO;
				GCC_WARN_ABOUT_RETURN_TYPE = YES;
				GCC_WARN_UNINITIALIZED_AUTOS = YES;
				GCC_WARN_UNUSED_VARIABLE = YES;
				IPHONEOS_DEPLOYMENT_TARGET = 6.1;
				ONLY_ACTIVE_ARCH = YES;
				SDKROOT = iphoneos;
			};
			name = Debug;
		};
		DCE1FE71178910D60012478B /* Release */ = {
			isa = XCBuildConfiguration;
			buildSettings = {
				ALWAYS_SEARCH_USER_PATHS = NO;
				CLANG_CXX_LANGUAGE_STANDARD = "gnu++0x";
				CLANG_CXX_LIBRARY = "libc++";
				CLANG_ENABLE_OBJC_ARC = YES;
				CLANG_WARN_CONSTANT_CONVERSION = YES;
				CLANG_WARN_EMPTY_BODY = YES;
				CLANG_WARN_ENUM_CONVERSION = YES;
				CLANG_WARN_INT_CONVERSION = YES;
				CLANG_WARN__DUPLICATE_METHOD_MATCH = YES;
				"CODE_SIGN_IDENTITY[sdk=iphoneos*]" = "iPhone Developer";
				COPY_PHASE_STRIP = YES;
				GCC_C_LANGUAGE_STANDARD = gnu99;
				GCC_WARN_ABOUT_RETURN_TYPE = YES;
				GCC_WARN_UNINITIALIZED_AUTOS = YES;
				GCC_WARN_UNUSED_VARIABLE = YES;
				IPHONEOS_DEPLOYMENT_TARGET = 6.1;
				OTHER_CFLAGS = "-DNS_BLOCK_ASSERTIONS=1";
				SDKROOT = iphoneos;
				VALIDATE_PRODUCT = YES;
			};
			name = Release;
		};
		DCE1FE73178910D60012478B /* Debug */ = {
			isa = XCBuildConfiguration;
			buildSettings = {
				CODE_SIGN_IDENTITY = "iPhone Developer: Himanshu Bhatnagar (QAT49SH6MC)";
				"CODE_SIGN_IDENTITY[sdk=iphoneos*]" = "iPhone Developer: Himanshu Bhatnagar (QAT49SH6MC)";
				FRAMEWORK_SEARCH_PATHS = (
					"$(inherited)",
					"\"$(SRCROOT)/Downloads\"",
				);
				GCC_PRECOMPILE_PREFIX_HEADER = YES;
				GCC_PREFIX_HEADER = "MyPlane/MyPlane-Prefix.pch";
				INFOPLIST_FILE = "MyPlane/MyPlane-Info.plist";
				IPHONEOS_DEPLOYMENT_TARGET = 6.0;
				PRODUCT_NAME = "$(TARGET_NAME)";
				PROVISIONING_PROFILE = "FAA75E0D-5FE4-49D9-8CD4-36ED3A68DD0A";
				"PROVISIONING_PROFILE[sdk=iphoneos*]" = "FAA75E0D-5FE4-49D9-8CD4-36ED3A68DD0A";
				WRAPPER_EXTENSION = app;
			};
			name = Debug;
		};
		DCE1FE74178910D60012478B /* Release */ = {
			isa = XCBuildConfiguration;
			buildSettings = {
				CODE_SIGN_IDENTITY = "iPhone Developer: Himanshu Bhatnagar (QAT49SH6MC)";
				"CODE_SIGN_IDENTITY[sdk=iphoneos*]" = "iPhone Developer: Himanshu Bhatnagar (QAT49SH6MC)";
				FRAMEWORK_SEARCH_PATHS = (
					"$(inherited)",
					"\"$(SRCROOT)/Downloads\"",
				);
				GCC_PRECOMPILE_PREFIX_HEADER = YES;
				GCC_PREFIX_HEADER = "MyPlane/MyPlane-Prefix.pch";
				INFOPLIST_FILE = "MyPlane/MyPlane-Info.plist";
				IPHONEOS_DEPLOYMENT_TARGET = 6.0;
				PRODUCT_NAME = "$(TARGET_NAME)";
				PROVISIONING_PROFILE = "FAA75E0D-5FE4-49D9-8CD4-36ED3A68DD0A";
				"PROVISIONING_PROFILE[sdk=iphoneos*]" = "FAA75E0D-5FE4-49D9-8CD4-36ED3A68DD0A";
				WRAPPER_EXTENSION = app;
			};
			name = Release;
		};
/* End XCBuildConfiguration section */

/* Begin XCConfigurationList section */
		DCE1FE3F178910D60012478B /* Build configuration list for PBXProject "MyPlane" */ = {
			isa = XCConfigurationList;
			buildConfigurations = (
				DCE1FE70178910D60012478B /* Debug */,
				DCE1FE71178910D60012478B /* Release */,
			);
			defaultConfigurationIsVisible = 0;
			defaultConfigurationName = Release;
		};
		DCE1FE72178910D60012478B /* Build configuration list for PBXNativeTarget "MyPlane" */ = {
			isa = XCConfigurationList;
			buildConfigurations = (
				DCE1FE73178910D60012478B /* Debug */,
				DCE1FE74178910D60012478B /* Release */,
			);
			defaultConfigurationIsVisible = 0;
			defaultConfigurationName = Release;
		};
/* End XCConfigurationList section */
	};
	rootObject = DCE1FE3C178910D60012478B /* Project object */;
}
