// !$*UTF8*$!
{
	archiveVersion = 1;
	classes = {
	};
	objectVersion = 46;
	objects = {

/* Begin PBXBuildFile section */
		AE46DEA6178B73390080CB0A /* AddFriendViewController.m in Sources */ = {isa = PBXBuildFile; fileRef = AE46DEA5178B73390080CB0A /* AddFriendViewController.m */; };
		AE46DEAC178B81A70080CB0A /* AddReminderViewController.m in Sources */ = {isa = PBXBuildFile; fileRef = AE46DEAB178B81A70080CB0A /* AddReminderViewController.m */; };
		AEB24DC4178CD4B200C7711D /* FriendsForRemindersViewController.m in Sources */ = {isa = PBXBuildFile; fileRef = AEB24DC3178CD4B200C7711D /* FriendsForRemindersViewController.m */; };
		DC4D6C9C1789185D00823DC4 /* PlaneTabViewController.m in Sources */ = {isa = PBXBuildFile; fileRef = DC4D6C9B1789185D00823DC4 /* PlaneTabViewController.m */; };
		DCDF265B1789B5F4005168BE /* RemindersViewController.m in Sources */ = {isa = PBXBuildFile; fileRef = DCDF265A1789B5F4005168BE /* RemindersViewController.m */; };
		DCE1FE48178910D60012478B /* UIKit.framework in Frameworks */ = {isa = PBXBuildFile; fileRef = DCE1FE47178910D60012478B /* UIKit.framework */; };
		DCE1FE4A178910D60012478B /* Foundation.framework in Frameworks */ = {isa = PBXBuildFile; fileRef = DCE1FE49178910D60012478B /* Foundation.framework */; };
		DCE1FE4C178910D60012478B /* CoreGraphics.framework in Frameworks */ = {isa = PBXBuildFile; fileRef = DCE1FE4B178910D60012478B /* CoreGraphics.framework */; };
		DCE1FE52178910D60012478B /* InfoPlist.strings in Resources */ = {isa = PBXBuildFile; fileRef = DCE1FE50178910D60012478B /* InfoPlist.strings */; };
		DCE1FE54178910D60012478B /* main.m in Sources */ = {isa = PBXBuildFile; fileRef = DCE1FE53178910D60012478B /* main.m */; };
		DCE1FE58178910D60012478B /* AppDelegate.m in Sources */ = {isa = PBXBuildFile; fileRef = DCE1FE57178910D60012478B /* AppDelegate.m */; };
		DCE1FE5A178910D60012478B /* Default.png in Resources */ = {isa = PBXBuildFile; fileRef = DCE1FE59178910D60012478B /* Default.png */; };
		DCE1FE5C178910D60012478B /* Default@2x.png in Resources */ = {isa = PBXBuildFile; fileRef = DCE1FE5B178910D60012478B /* Default@2x.png */; };
		DCE1FE5E178910D60012478B /* Default-568h@2x.png in Resources */ = {isa = PBXBuildFile; fileRef = DCE1FE5D178910D60012478B /* Default-568h@2x.png */; };
		DCE1FE61178910D60012478B /* MainStoryboard.storyboard in Resources */ = {isa = PBXBuildFile; fileRef = DCE1FE5F178910D60012478B /* MainStoryboard.storyboard */; };
		DCE1FE64178910D60012478B /* FirstViewController.m in Sources */ = {isa = PBXBuildFile; fileRef = DCE1FE63178910D60012478B /* FirstViewController.m */; };
		DCE1FE66178910D60012478B /* first.png in Resources */ = {isa = PBXBuildFile; fileRef = DCE1FE65178910D60012478B /* first.png */; };
		DCE1FE68178910D60012478B /* first@2x.png in Resources */ = {isa = PBXBuildFile; fileRef = DCE1FE67178910D60012478B /* first@2x.png */; };
		DCE1FE76178911C20012478B /* Parse.framework in Frameworks */ = {isa = PBXBuildFile; fileRef = DCE1FE75178911C20012478B /* Parse.framework */; };
		DCE1FE89178912510012478B /* SystemConfiguration.framework in Frameworks */ = {isa = PBXBuildFile; fileRef = DCE1FE87178912400012478B /* SystemConfiguration.framework */; };
		DCE1FE8A178912510012478B /* StoreKit.framework in Frameworks */ = {isa = PBXBuildFile; fileRef = DCE1FE851789123A0012478B /* StoreKit.framework */; };
		DCE1FE8B178912510012478B /* Security.framework in Frameworks */ = {isa = PBXBuildFile; fileRef = DCE1FE83178912340012478B /* Security.framework */; };
		DCE1FE8C178912510012478B /* QuartzCore.framework in Frameworks */ = {isa = PBXBuildFile; fileRef = DCE1FE811789122C0012478B /* QuartzCore.framework */; };
		DCE1FE8D178912510012478B /* MobileCoreServices.framework in Frameworks */ = {isa = PBXBuildFile; fileRef = DCE1FE7F178912270012478B /* MobileCoreServices.framework */; };
		DCE1FE8E178912510012478B /* libz.1.1.3.dylib in Frameworks */ = {isa = PBXBuildFile; fileRef = DCE1FE7D178912200012478B /* libz.1.1.3.dylib */; };
		DCE1FE8F178912510012478B /* CoreLocation.framework in Frameworks */ = {isa = PBXBuildFile; fileRef = DCE1FE7B178912100012478B /* CoreLocation.framework */; };
		DCE1FE90178912510012478B /* CFNetwork.framework in Frameworks */ = {isa = PBXBuildFile; fileRef = DCE1FE79178912020012478B /* CFNetwork.framework */; };
		DCE1FE91178912510012478B /* AudioToolbox.framework in Frameworks */ = {isa = PBXBuildFile; fileRef = DCE1FE77178911FA0012478B /* AudioToolbox.framework */; };
		DCF891E4178A1E9000A89F6E /* tabbarBackground.png in Resources */ = {isa = PBXBuildFile; fileRef = DCF891E0178A1E9000A89F6E /* tabbarBackground.png */; };
		DCF891E5178A1E9000A89F6E /* tabbarBackground@2x.png in Resources */ = {isa = PBXBuildFile; fileRef = DCF891E1178A1E9000A89F6E /* tabbarBackground@2x.png */; };
		DCF891E6178A1E9000A89F6E /* tabBarSelectionIndicator.png in Resources */ = {isa = PBXBuildFile; fileRef = DCF891E2178A1E9000A89F6E /* tabBarSelectionIndicator.png */; };
		DCF891E7178A1E9000A89F6E /* tabBarSelectionIndicator@2x.png in Resources */ = {isa = PBXBuildFile; fileRef = DCF891E3178A1E9000A89F6E /* tabBarSelectionIndicator@2x.png */; };
		DCF891ED178A20EF00A89F6E /* buttonAdd.png in Resources */ = {isa = PBXBuildFile; fileRef = DCF891EB178A20EF00A89F6E /* buttonAdd.png */; };
		DCF891EE178A20EF00A89F6E /* buttonAdd@2x.png in Resources */ = {isa = PBXBuildFile; fileRef = DCF891EC178A20EF00A89F6E /* buttonAdd@2x.png */; };
		DCF891F1178A348E00A89F6E /* FriendsViewController.m in Sources */ = {isa = PBXBuildFile; fileRef = DCF891F0178A348E00A89F6E /* FriendsViewController.m */; };
		DCF891F3178B0B3A00A89F6E /* blank.png in Resources */ = {isa = PBXBuildFile; fileRef = DCF891F2178B0B3A00A89F6E /* blank.png */; };
/* End PBXBuildFile section */

/* Begin PBXFileReference section */
		AE46DEA4178B73390080CB0A /* AddFriendViewController.h */ = {isa = PBXFileReference; fileEncoding = 4; lastKnownFileType = sourcecode.c.h; path = AddFriendViewController.h; sourceTree = "<group>"; };
		AE46DEA5178B73390080CB0A /* AddFriendViewController.m */ = {isa = PBXFileReference; fileEncoding = 4; lastKnownFileType = sourcecode.c.objc; path = AddFriendViewController.m; sourceTree = "<group>"; };
		AE46DEAA178B81A60080CB0A /* AddReminderViewController.h */ = {isa = PBXFileReference; fileEncoding = 4; lastKnownFileType = sourcecode.c.h; path = AddReminderViewController.h; sourceTree = "<group>"; };
		AE46DEAB178B81A70080CB0A /* AddReminderViewController.m */ = {isa = PBXFileReference; fileEncoding = 4; lastKnownFileType = sourcecode.c.objc; path = AddReminderViewController.m; sourceTree = "<group>"; };
		AEB24DC2178CD4B200C7711D /* FriendsForRemindersViewController.h */ = {isa = PBXFileReference; fileEncoding = 4; lastKnownFileType = sourcecode.c.h; path = FriendsForRemindersViewController.h; sourceTree = "<group>"; };
		AEB24DC3178CD4B200C7711D /* FriendsForRemindersViewController.m */ = {isa = PBXFileReference; fileEncoding = 4; lastKnownFileType = sourcecode.c.objc; path = FriendsForRemindersViewController.m; sourceTree = "<group>"; };
		DC4D6C9A1789185D00823DC4 /* PlaneTabViewController.h */ = {isa = PBXFileReference; fileEncoding = 4; lastKnownFileType = sourcecode.c.h; path = PlaneTabViewController.h; sourceTree = "<group>"; };
		DC4D6C9B1789185D00823DC4 /* PlaneTabViewController.m */ = {isa = PBXFileReference; fileEncoding = 4; lastKnownFileType = sourcecode.c.objc; path = PlaneTabViewController.m; sourceTree = "<group>"; };
		DCDF26591789B5F4005168BE /* RemindersViewController.h */ = {isa = PBXFileReference; fileEncoding = 4; lastKnownFileType = sourcecode.c.h; path = RemindersViewController.h; sourceTree = "<group>"; };
		DCDF265A1789B5F4005168BE /* RemindersViewController.m */ = {isa = PBXFileReference; fileEncoding = 4; lastKnownFileType = sourcecode.c.objc; path = RemindersViewController.m; sourceTree = "<group>"; };
		DCE1FE44178910D60012478B /* MyPlane.app */ = {isa = PBXFileReference; explicitFileType = wrapper.application; includeInIndex = 0; path = MyPlane.app; sourceTree = BUILT_PRODUCTS_DIR; };
		DCE1FE47178910D60012478B /* UIKit.framework */ = {isa = PBXFileReference; lastKnownFileType = wrapper.framework; name = UIKit.framework; path = System/Library/Frameworks/UIKit.framework; sourceTree = SDKROOT; };
		DCE1FE49178910D60012478B /* Foundation.framework */ = {isa = PBXFileReference; lastKnownFileType = wrapper.framework; name = Foundation.framework; path = System/Library/Frameworks/Foundation.framework; sourceTree = SDKROOT; };
		DCE1FE4B178910D60012478B /* CoreGraphics.framework */ = {isa = PBXFileReference; lastKnownFileType = wrapper.framework; name = CoreGraphics.framework; path = System/Library/Frameworks/CoreGraphics.framework; sourceTree = SDKROOT; };
		DCE1FE4F178910D60012478B /* MyPlane-Info.plist */ = {isa = PBXFileReference; lastKnownFileType = text.plist.xml; path = "MyPlane-Info.plist"; sourceTree = "<group>"; };
		DCE1FE51178910D60012478B /* en */ = {isa = PBXFileReference; lastKnownFileType = text.plist.strings; name = en; path = en.lproj/InfoPlist.strings; sourceTree = "<group>"; };
		DCE1FE53178910D60012478B /* main.m */ = {isa = PBXFileReference; lastKnownFileType = sourcecode.c.objc; path = main.m; sourceTree = "<group>"; };
		DCE1FE55178910D60012478B /* MyPlane-Prefix.pch */ = {isa = PBXFileReference; lastKnownFileType = sourcecode.c.h; path = "MyPlane-Prefix.pch"; sourceTree = "<group>"; };
		DCE1FE56178910D60012478B /* AppDelegate.h */ = {isa = PBXFileReference; lastKnownFileType = sourcecode.c.h; path = AppDelegate.h; sourceTree = "<group>"; };
		DCE1FE57178910D60012478B /* AppDelegate.m */ = {isa = PBXFileReference; lastKnownFileType = sourcecode.c.objc; path = AppDelegate.m; sourceTree = "<group>"; };
		DCE1FE59178910D60012478B /* Default.png */ = {isa = PBXFileReference; lastKnownFileType = image.png; path = Default.png; sourceTree = "<group>"; };
		DCE1FE5B178910D60012478B /* Default@2x.png */ = {isa = PBXFileReference; lastKnownFileType = image.png; path = "Default@2x.png"; sourceTree = "<group>"; };
		DCE1FE5D178910D60012478B /* Default-568h@2x.png */ = {isa = PBXFileReference; lastKnownFileType = image.png; path = "Default-568h@2x.png"; sourceTree = "<group>"; };
		DCE1FE60178910D60012478B /* en */ = {isa = PBXFileReference; lastKnownFileType = file.storyboard; name = en; path = en.lproj/MainStoryboard.storyboard; sourceTree = "<group>"; };
		DCE1FE62178910D60012478B /* FirstViewController.h */ = {isa = PBXFileReference; lastKnownFileType = sourcecode.c.h; path = FirstViewController.h; sourceTree = "<group>"; };
		DCE1FE63178910D60012478B /* FirstViewController.m */ = {isa = PBXFileReference; lastKnownFileType = sourcecode.c.objc; path = FirstViewController.m; sourceTree = "<group>"; };
		DCE1FE65178910D60012478B /* first.png */ = {isa = PBXFileReference; lastKnownFileType = image.png; path = first.png; sourceTree = "<group>"; };
		DCE1FE67178910D60012478B /* first@2x.png */ = {isa = PBXFileReference; lastKnownFileType = image.png; path = "first@2x.png"; sourceTree = "<group>"; };
		DCE1FE75178911C20012478B /* Parse.framework */ = {isa = PBXFileReference; lastKnownFileType = wrapper.framework; name = Parse.framework; path = Downloads/Parse.framework; sourceTree = "<group>"; };
		DCE1FE77178911FA0012478B /* AudioToolbox.framework */ = {isa = PBXFileReference; lastKnownFileType = wrapper.framework; name = AudioToolbox.framework; path = System/Library/Frameworks/AudioToolbox.framework; sourceTree = SDKROOT; };
		DCE1FE79178912020012478B /* CFNetwork.framework */ = {isa = PBXFileReference; lastKnownFileType = wrapper.framework; name = CFNetwork.framework; path = System/Library/Frameworks/CFNetwork.framework; sourceTree = SDKROOT; };
		DCE1FE7B178912100012478B /* CoreLocation.framework */ = {isa = PBXFileReference; lastKnownFileType = wrapper.framework; name = CoreLocation.framework; path = System/Library/Frameworks/CoreLocation.framework; sourceTree = SDKROOT; };
		DCE1FE7D178912200012478B /* libz.1.1.3.dylib */ = {isa = PBXFileReference; lastKnownFileType = "compiled.mach-o.dylib"; name = libz.1.1.3.dylib; path = usr/lib/libz.1.1.3.dylib; sourceTree = SDKROOT; };
		DCE1FE7F178912270012478B /* MobileCoreServices.framework */ = {isa = PBXFileReference; lastKnownFileType = wrapper.framework; name = MobileCoreServices.framework; path = System/Library/Frameworks/MobileCoreServices.framework; sourceTree = SDKROOT; };
		DCE1FE811789122C0012478B /* QuartzCore.framework */ = {isa = PBXFileReference; lastKnownFileType = wrapper.framework; name = QuartzCore.framework; path = System/Library/Frameworks/QuartzCore.framework; sourceTree = SDKROOT; };
		DCE1FE83178912340012478B /* Security.framework */ = {isa = PBXFileReference; lastKnownFileType = wrapper.framework; name = Security.framework; path = System/Library/Frameworks/Security.framework; sourceTree = SDKROOT; };
		DCE1FE851789123A0012478B /* StoreKit.framework */ = {isa = PBXFileReference; lastKnownFileType = wrapper.framework; name = StoreKit.framework; path = System/Library/Frameworks/StoreKit.framework; sourceTree = SDKROOT; };
		DCE1FE87178912400012478B /* SystemConfiguration.framework */ = {isa = PBXFileReference; lastKnownFileType = wrapper.framework; name = SystemConfiguration.framework; path = System/Library/Frameworks/SystemConfiguration.framework; sourceTree = SDKROOT; };
		DCF891E0178A1E9000A89F6E /* tabbarBackground.png */ = {isa = PBXFileReference; lastKnownFileType = image.png; path = tabbarBackground.png; sourceTree = "<group>"; };
		DCF891E1178A1E9000A89F6E /* tabbarBackground@2x.png */ = {isa = PBXFileReference; lastKnownFileType = image.png; path = "tabbarBackground@2x.png"; sourceTree = "<group>"; };
		DCF891E2178A1E9000A89F6E /* tabBarSelectionIndicator.png */ = {isa = PBXFileReference; lastKnownFileType = image.png; path = tabBarSelectionIndicator.png; sourceTree = "<group>"; };
		DCF891E3178A1E9000A89F6E /* tabBarSelectionIndicator@2x.png */ = {isa = PBXFileReference; lastKnownFileType = image.png; path = "tabBarSelectionIndicator@2x.png"; sourceTree = "<group>"; };
		DCF891EB178A20EF00A89F6E /* buttonAdd.png */ = {isa = PBXFileReference; lastKnownFileType = image.png; path = buttonAdd.png; sourceTree = "<group>"; };
		DCF891EC178A20EF00A89F6E /* buttonAdd@2x.png */ = {isa = PBXFileReference; lastKnownFileType = image.png; path = "buttonAdd@2x.png"; sourceTree = "<group>"; };
		DCF891EF178A348E00A89F6E /* FriendsViewController.h */ = {isa = PBXFileReference; fileEncoding = 4; lastKnownFileType = sourcecode.c.h; path = FriendsViewController.h; sourceTree = "<group>"; };
		DCF891F0178A348E00A89F6E /* FriendsViewController.m */ = {isa = PBXFileReference; fileEncoding = 4; lastKnownFileType = sourcecode.c.objc; path = FriendsViewController.m; sourceTree = "<group>"; };
		DCF891F2178B0B3A00A89F6E /* blank.png */ = {isa = PBXFileReference; lastKnownFileType = image.png; path = blank.png; sourceTree = "<group>"; };
/* End PBXFileReference section */

/* Begin PBXFrameworksBuildPhase section */
		DCE1FE41178910D60012478B /* Frameworks */ = {
			isa = PBXFrameworksBuildPhase;
			buildActionMask = 2147483647;
			files = (
				DCE1FE89178912510012478B /* SystemConfiguration.framework in Frameworks */,
				DCE1FE8A178912510012478B /* StoreKit.framework in Frameworks */,
				DCE1FE8B178912510012478B /* Security.framework in Frameworks */,
				DCE1FE8C178912510012478B /* QuartzCore.framework in Frameworks */,
				DCE1FE8D178912510012478B /* MobileCoreServices.framework in Frameworks */,
				DCE1FE8E178912510012478B /* libz.1.1.3.dylib in Frameworks */,
				DCE1FE8F178912510012478B /* CoreLocation.framework in Frameworks */,
				DCE1FE90178912510012478B /* CFNetwork.framework in Frameworks */,
				DCE1FE91178912510012478B /* AudioToolbox.framework in Frameworks */,
				DCE1FE76178911C20012478B /* Parse.framework in Frameworks */,
				DCE1FE48178910D60012478B /* UIKit.framework in Frameworks */,
				DCE1FE4A178910D60012478B /* Foundation.framework in Frameworks */,
				DCE1FE4C178910D60012478B /* CoreGraphics.framework in Frameworks */,
			);
			runOnlyForDeploymentPostprocessing = 0;
		};
/* End PBXFrameworksBuildPhase section */

/* Begin PBXGroup section */
		AEB24DC5178CD5E100C7711D /* Reminders */ = {
			isa = PBXGroup;
			children = (
				DCDF26591789B5F4005168BE /* RemindersViewController.h */,
				DCDF265A1789B5F4005168BE /* RemindersViewController.m */,
				AE46DEAA178B81A60080CB0A /* AddReminderViewController.h */,
				AE46DEAB178B81A70080CB0A /* AddReminderViewController.m */,
				AEB24DC2178CD4B200C7711D /* FriendsForRemindersViewController.h */,
				AEB24DC3178CD4B200C7711D /* FriendsForRemindersViewController.m */,
			);
			name = Reminders;
			sourceTree = "<group>";
		};
		AEB24DC6178CD5E900C7711D /* Friends */ = {
			isa = PBXGroup;
			children = (
				DCF891EF178A348E00A89F6E /* FriendsViewController.h */,
				DCF891F0178A348E00A89F6E /* FriendsViewController.m */,
				AE46DEA4178B73390080CB0A /* AddFriendViewController.h */,
				AE46DEA5178B73390080CB0A /* AddFriendViewController.m */,
			);
			name = Friends;
			sourceTree = "<group>";
		};
		DCE1FE3B178910D60012478B = {
			isa = PBXGroup;
			children = (
				DCE1FE4D178910D60012478B /* MyPlane */,
				DCE1FE46178910D60012478B /* Frameworks */,
				DCE1FE45178910D60012478B /* Products */,
			);
			sourceTree = "<group>";
		};
		DCE1FE45178910D60012478B /* Products */ = {
			isa = PBXGroup;
			children = (
				DCE1FE44178910D60012478B /* MyPlane.app */,
			);
			name = Products;
			sourceTree = "<group>";
		};
		DCE1FE46178910D60012478B /* Frameworks */ = {
			isa = PBXGroup;
			children = (
				DCE1FE87178912400012478B /* SystemConfiguration.framework */,
				DCE1FE851789123A0012478B /* StoreKit.framework */,
				DCE1FE83178912340012478B /* Security.framework */,
				DCE1FE811789122C0012478B /* QuartzCore.framework */,
				DCE1FE7F178912270012478B /* MobileCoreServices.framework */,
				DCE1FE7D178912200012478B /* libz.1.1.3.dylib */,
				DCE1FE7B178912100012478B /* CoreLocation.framework */,
				DCE1FE79178912020012478B /* CFNetwork.framework */,
				DCE1FE77178911FA0012478B /* AudioToolbox.framework */,
				DCE1FE75178911C20012478B /* Parse.framework */,
				DCE1FE47178910D60012478B /* UIKit.framework */,
				DCE1FE49178910D60012478B /* Foundation.framework */,
				DCE1FE4B178910D60012478B /* CoreGraphics.framework */,
			);
			name = Frameworks;
			sourceTree = "<group>";
		};
		DCE1FE4D178910D60012478B /* MyPlane */ = {
			isa = PBXGroup;
			children = (
				DCF891DF178A1E7800A89F6E /* TabBarImages */,
				DCE1FE5F178910D60012478B /* MainStoryboard.storyboard */,
				DCE1FE56178910D60012478B /* AppDelegate.h */,
				DCE1FE57178910D60012478B /* AppDelegate.m */,
				DC4D6C9A1789185D00823DC4 /* PlaneTabViewController.h */,
				DC4D6C9B1789185D00823DC4 /* PlaneTabViewController.m */,
				AEB24DC5178CD5E100C7711D /* Reminders */,
				AEB24DC6178CD5E900C7711D /* Friends */,
				DCE1FE62178910D60012478B /* FirstViewController.h */,
				DCE1FE63178910D60012478B /* FirstViewController.m */,
				DCE1FE65178910D60012478B /* first.png */,
				DCE1FE67178910D60012478B /* first@2x.png */,
				DCF891F2178B0B3A00A89F6E /* blank.png */,
				DCE1FE4E178910D60012478B /* Supporting Files */,
			);
			path = MyPlane;
			sourceTree = "<group>";
		};
		DCE1FE4E178910D60012478B /* Supporting Files */ = {
			isa = PBXGroup;
			children = (
				DCE1FE4F178910D60012478B /* MyPlane-Info.plist */,
				DCE1FE50178910D60012478B /* InfoPlist.strings */,
				DCE1FE53178910D60012478B /* main.m */,
				DCE1FE55178910D60012478B /* MyPlane-Prefix.pch */,
				DCE1FE59178910D60012478B /* Default.png */,
				DCE1FE5B178910D60012478B /* Default@2x.png */,
				DCE1FE5D178910D60012478B /* Default-568h@2x.png */,
			);
			name = "Supporting Files";
			sourceTree = "<group>";
		};
		DCF891DF178A1E7800A89F6E /* TabBarImages */ = {
			isa = PBXGroup;
			children = (
				DCF891E0178A1E9000A89F6E /* tabbarBackground.png */,
				DCF891E1178A1E9000A89F6E /* tabbarBackground@2x.png */,
				DCF891E2178A1E9000A89F6E /* tabBarSelectionIndicator.png */,
				DCF891E3178A1E9000A89F6E /* tabBarSelectionIndicator@2x.png */,
				DCF891EB178A20EF00A89F6E /* buttonAdd.png */,
				DCF891EC178A20EF00A89F6E /* buttonAdd@2x.png */,
			);
			name = TabBarImages;
			sourceTree = "<group>";
		};
/* End PBXGroup section */

/* Begin PBXNativeTarget section */
		DCE1FE43178910D60012478B /* MyPlane */ = {
			isa = PBXNativeTarget;
			buildConfigurationList = DCE1FE72178910D60012478B /* Build configuration list for PBXNativeTarget "MyPlane" */;
			buildPhases = (
				DCE1FE40178910D60012478B /* Sources */,
				DCE1FE41178910D60012478B /* Frameworks */,
				DCE1FE42178910D60012478B /* Resources */,
			);
			buildRules = (
			);
			dependencies = (
			);
			name = MyPlane;
			productName = MyPlane;
			productReference = DCE1FE44178910D60012478B /* MyPlane.app */;
			productType = "com.apple.product-type.application";
		};
/* End PBXNativeTarget section */

/* Begin PBXProject section */
		DCE1FE3C178910D60012478B /* Project object */ = {
			isa = PBXProject;
			attributes = {
				LastUpgradeCheck = 0460;
				ORGANIZATIONNAME = "Acubed Productions";
			};
			buildConfigurationList = DCE1FE3F178910D60012478B /* Build configuration list for PBXProject "MyPlane" */;
			compatibilityVersion = "Xcode 3.2";
			developmentRegion = English;
			hasScannedForEncodings = 0;
			knownRegions = (
				en,
			);
			mainGroup = DCE1FE3B178910D60012478B;
			productRefGroup = DCE1FE45178910D60012478B /* Products */;
			projectDirPath = "";
			projectRoot = "";
			targets = (
				DCE1FE43178910D60012478B /* MyPlane */,
			);
		};
/* End PBXProject section */

/* Begin PBXResourcesBuildPhase section */
		DCE1FE42178910D60012478B /* Resources */ = {
			isa = PBXResourcesBuildPhase;
			buildActionMask = 2147483647;
			files = (
				DCE1FE52178910D60012478B /* InfoPlist.strings in Resources */,
				DCE1FE5A178910D60012478B /* Default.png in Resources */,
				DCE1FE5C178910D60012478B /* Default@2x.png in Resources */,
				DCE1FE5E178910D60012478B /* Default-568h@2x.png in Resources */,
				DCE1FE61178910D60012478B /* MainStoryboard.storyboard in Resources */,
				DCE1FE66178910D60012478B /* first.png in Resources */,
				DCE1FE68178910D60012478B /* first@2x.png in Resources */,
				DCF891E4178A1E9000A89F6E /* tabbarBackground.png in Resources */,
				DCF891E5178A1E9000A89F6E /* tabbarBackground@2x.png in Resources */,
				DCF891E6178A1E9000A89F6E /* tabBarSelectionIndicator.png in Resources */,
				DCF891E7178A1E9000A89F6E /* tabBarSelectionIndicator@2x.png in Resources */,
				DCF891ED178A20EF00A89F6E /* buttonAdd.png in Resources */,
				DCF891EE178A20EF00A89F6E /* buttonAdd@2x.png in Resources */,
				DCF891F3178B0B3A00A89F6E /* blank.png in Resources */,
			);
			runOnlyForDeploymentPostprocessing = 0;
		};
/* End PBXResourcesBuildPhase section */

/* Begin PBXSourcesBuildPhase section */
		DCE1FE40178910D60012478B /* Sources */ = {
			isa = PBXSourcesBuildPhase;
			buildActionMask = 2147483647;
			files = (
				DCE1FE54178910D60012478B /* main.m in Sources */,
				DCE1FE58178910D60012478B /* AppDelegate.m in Sources */,
				DCE1FE64178910D60012478B /* FirstViewController.m in Sources */,
				DC4D6C9C1789185D00823DC4 /* PlaneTabViewController.m in Sources */,
				DCDF265B1789B5F4005168BE /* RemindersViewController.m in Sources */,
				DCF891F1178A348E00A89F6E /* FriendsViewController.m in Sources */,
				AE46DEA6178B73390080CB0A /* AddFriendViewController.m in Sources */,
				AE46DEAC178B81A70080CB0A /* AddReminderViewController.m in Sources */,
				AEB24DC4178CD4B200C7711D /* FriendsForRemindersViewController.m in Sources */,
			);
			runOnlyForDeploymentPostprocessing = 0;
		};
/* End PBXSourcesBuildPhase section */

/* Begin PBXVariantGroup section */
		DCE1FE50178910D60012478B /* InfoPlist.strings */ = {
			isa = PBXVariantGroup;
			children = (
				DCE1FE51178910D60012478B /* en */,
			);
			name = InfoPlist.strings;
			sourceTree = "<group>";
		};
		DCE1FE5F178910D60012478B /* MainStoryboard.storyboard */ = {
			isa = PBXVariantGroup;
			children = (
				DCE1FE60178910D60012478B /* en */,
			);
			name = MainStoryboard.storyboard;
			sourceTree = "<group>";
		};
/* End PBXVariantGroup section */

/* Begin XCBuildConfiguration section */
		DCE1FE70178910D60012478B /* Debug */ = {
			isa = XCBuildConfiguration;
			buildSettings = {
				ALWAYS_SEARCH_USER_PATHS = NO;
				CLANG_CXX_LANGUAGE_STANDARD = "gnu++0x";
				CLANG_CXX_LIBRARY = "libc++";
				CLANG_ENABLE_OBJC_ARC = YES;
				CLANG_WARN_CONSTANT_CONVERSION = YES;
				CLANG_WARN_EMPTY_BODY = YES;
				CLANG_WARN_ENUM_CONVERSION = YES;
				CLANG_WARN_INT_CONVERSION = YES;
				CLANG_WARN__DUPLICATE_METHOD_MATCH = YES;
				"CODE_SIGN_IDENTITY[sdk=iphoneos*]" = "iPhone Developer";
				COPY_PHASE_STRIP = NO;
				GCC_C_LANGUAGE_STANDARD = gnu99;
				GCC_DYNAMIC_NO_PIC = NO;
				GCC_OPTIMIZATION_LEVEL = 0;
				GCC_PREPROCESSOR_DEFINITIONS = (
					"DEBUG=1",
					"$(inherited)",
				);
				GCC_SYMBOLS_PRIVATE_EXTERN = NO;
				GCC_WARN_ABOUT_RETURN_TYPE = YES;
				GCC_WARN_UNINITIALIZED_AUTOS = YES;
				GCC_WARN_UNUSED_VARIABLE = YES;
				IPHONEOS_DEPLOYMENT_TARGET = 6.1;
				ONLY_ACTIVE_ARCH = YES;
				SDKROOT = iphoneos;
			};
			name = Debug;
		};
		DCE1FE71178910D60012478B /* Release */ = {
			isa = XCBuildConfiguration;
			buildSettings = {
				ALWAYS_SEARCH_USER_PATHS = NO;
				CLANG_CXX_LANGUAGE_STANDARD = "gnu++0x";
				CLANG_CXX_LIBRARY = "libc++";
				CLANG_ENABLE_OBJC_ARC = YES;
				CLANG_WARN_CONSTANT_CONVERSION = YES;
				CLANG_WARN_EMPTY_BODY = YES;
				CLANG_WARN_ENUM_CONVERSION = YES;
				CLANG_WARN_INT_CONVERSION = YES;
				CLANG_WARN__DUPLICATE_METHOD_MATCH = YES;
				"CODE_SIGN_IDENTITY[sdk=iphoneos*]" = "iPhone Developer";
				COPY_PHASE_STRIP = YES;
				GCC_C_LANGUAGE_STANDARD = gnu99;
				GCC_WARN_ABOUT_RETURN_TYPE = YES;
				GCC_WARN_UNINITIALIZED_AUTOS = YES;
				GCC_WARN_UNUSED_VARIABLE = YES;
				IPHONEOS_DEPLOYMENT_TARGET = 6.1;
				OTHER_CFLAGS = "-DNS_BLOCK_ASSERTIONS=1";
				SDKROOT = iphoneos;
				VALIDATE_PRODUCT = YES;
			};
			name = Release;
		};
		DCE1FE73178910D60012478B /* Debug */ = {
			isa = XCBuildConfiguration;
			buildSettings = {
				FRAMEWORK_SEARCH_PATHS = (
					"$(inherited)",
					"\"$(SRCROOT)/Downloads\"",
				);
				GCC_PRECOMPILE_PREFIX_HEADER = YES;
				GCC_PREFIX_HEADER = "MyPlane/MyPlane-Prefix.pch";
				INFOPLIST_FILE = "MyPlane/MyPlane-Info.plist";
				PRODUCT_NAME = "$(TARGET_NAME)";
				WRAPPER_EXTENSION = app;
			};
			name = Debug;
		};
		DCE1FE74178910D60012478B /* Release */ = {
			isa = XCBuildConfiguration;
			buildSettings = {
				FRAMEWORK_SEARCH_PATHS = (
					"$(inherited)",
					"\"$(SRCROOT)/Downloads\"",
				);
				GCC_PRECOMPILE_PREFIX_HEADER = YES;
				GCC_PREFIX_HEADER = "MyPlane/MyPlane-Prefix.pch";
				INFOPLIST_FILE = "MyPlane/MyPlane-Info.plist";
				PRODUCT_NAME = "$(TARGET_NAME)";
				WRAPPER_EXTENSION = app;
			};
			name = Release;
		};
/* End XCBuildConfiguration section */

/* Begin XCConfigurationList section */
		DCE1FE3F178910D60012478B /* Build configuration list for PBXProject "MyPlane" */ = {
			isa = XCConfigurationList;
			buildConfigurations = (
				DCE1FE70178910D60012478B /* Debug */,
				DCE1FE71178910D60012478B /* Release */,
			);
			defaultConfigurationIsVisible = 0;
			defaultConfigurationName = Release;
		};
		DCE1FE72178910D60012478B /* Build configuration list for PBXNativeTarget "MyPlane" */ = {
			isa = XCConfigurationList;
			buildConfigurations = (
				DCE1FE73178910D60012478B /* Debug */,
				DCE1FE74178910D60012478B /* Release */,
			);
			defaultConfigurationIsVisible = 0;
			defaultConfigurationName = Release;
		};
/* End XCConfigurationList section */
	};
	rootObject = DCE1FE3C178910D60012478B /* Project object */;
}
